// !$*UTF8*$!
{
	archiveVersion = 1;
	classes = {
	};
	objectVersion = 50;
	objects = {

/* Begin PBXBuildFile section */
		C7171FD923396A8C00D170BA /* AppDelegate.swift in Sources */ = {isa = PBXBuildFile; fileRef = C7171FD823396A8C00D170BA /* AppDelegate.swift */; };
		C7171FDB23396A8C00D170BA /* SceneDelegate.swift in Sources */ = {isa = PBXBuildFile; fileRef = C7171FDA23396A8C00D170BA /* SceneDelegate.swift */; };
		C7171FDD23396A8C00D170BA /* ContentView.swift in Sources */ = {isa = PBXBuildFile; fileRef = C7171FDC23396A8C00D170BA /* ContentView.swift */; };
		C7171FDF23396A8D00D170BA /* Assets.xcassets in Resources */ = {isa = PBXBuildFile; fileRef = C7171FDE23396A8D00D170BA /* Assets.xcassets */; };
		C7171FE223396A8D00D170BA /* Preview Assets.xcassets in Resources */ = {isa = PBXBuildFile; fileRef = C7171FE123396A8D00D170BA /* Preview Assets.xcassets */; };
		C7171FE523396A8D00D170BA /* LaunchScreen.storyboard in Resources */ = {isa = PBXBuildFile; fileRef = C7171FE323396A8D00D170BA /* LaunchScreen.storyboard */; };
		C7171FEE23396BA200D170BA /* Person.swift in Sources */ = {isa = PBXBuildFile; fileRef = C7171FED23396BA200D170BA /* Person.swift */; };
/* End PBXBuildFile section */

/* Begin PBXFileReference section */
		C7171FD523396A8C00D170BA /* ListCrudOperationsLBTA.app */ = {isa = PBXFileReference; explicitFileType = wrapper.application; includeInIndex = 0; path = ListCrudOperationsLBTA.app; sourceTree = BUILT_PRODUCTS_DIR; };
		C7171FD823396A8C00D170BA /* AppDelegate.swift */ = {isa = PBXFileReference; lastKnownFileType = sourcecode.swift; path = AppDelegate.swift; sourceTree = "<group>"; };
		C7171FDA23396A8C00D170BA /* SceneDelegate.swift */ = {isa = PBXFileReference; lastKnownFileType = sourcecode.swift; path = SceneDelegate.swift; sourceTree = "<group>"; };
		C7171FDC23396A8C00D170BA /* ContentView.swift */ = {isa = PBXFileReference; lastKnownFileType = sourcecode.swift; path = ContentView.swift; sourceTree = "<group>"; };
		C7171FDE23396A8D00D170BA /* Assets.xcassets */ = {isa = PBXFileReference; lastKnownFileType = folder.assetcatalog; path = Assets.xcassets; sourceTree = "<group>"; };
		C7171FE123396A8D00D170BA /* Preview Assets.xcassets */ = {isa = PBXFileReference; lastKnownFileType = folder.assetcatalog; path = "Preview Assets.xcassets"; sourceTree = "<group>"; };
		C7171FE423396A8D00D170BA /* Base */ = {isa = PBXFileReference; lastKnownFileType = file.storyboard; name = Base; path = Base.lproj/LaunchScreen.storyboard; sourceTree = "<group>"; };
		C7171FE623396A8D00D170BA /* Info.plist */ = {isa = PBXFileReference; lastKnownFileType = text.plist.xml; path = Info.plist; sourceTree = "<group>"; };
		C7171FED23396BA200D170BA /* Person.swift */ = {isa = PBXFileReference; lastKnownFileType = sourcecode.swift; path = Person.swift; sourceTree = "<group>"; };
/* End PBXFileReference section */

/* Begin PBXFrameworksBuildPhase section */
		C7171FD223396A8C00D170BA /* Frameworks */ = {
			isa = PBXFrameworksBuildPhase;
			buildActionMask = 2147483647;
			files = (
			);
			runOnlyForDeploymentPostprocessing = 0;
		};
/* End PBXFrameworksBuildPhase section */

/* Begin PBXGroup section */
		C7171FCC23396A8C00D170BA = {
			isa = PBXGroup;
			children = (
				C7171FD723396A8C00D170BA /* ListCrudOperationsLBTA */,
				C7171FD623396A8C00D170BA /* Products */,
			);
			sourceTree = "<group>";
		};
		C7171FD623396A8C00D170BA /* Products */ = {
			isa = PBXGroup;
			children = (
				C7171FD523396A8C00D170BA /* ListCrudOperationsLBTA.app */,
			);
			name = Products;
			sourceTree = "<group>";
		};
		C7171FD723396A8C00D170BA /* ListCrudOperationsLBTA */ = {
			isa = PBXGroup;
			children = (
				C7171FEC23396B9A00D170BA /* Models */,
				C7171FD823396A8C00D170BA /* AppDelegate.swift */,
				C7171FDA23396A8C00D170BA /* SceneDelegate.swift */,
				C7171FDC23396A8C00D170BA /* ContentView.swift */,
				C7171FDE23396A8D00D170BA /* Assets.xcassets */,
				C7171FE323396A8D00D170BA /* LaunchScreen.storyboard */,
				C7171FE623396A8D00D170BA /* Info.plist */,
				C7171FE023396A8D00D170BA /* Preview Content */,
			);
			path = ListCrudOperationsLBTA;
			sourceTree = "<group>";
		};
		C7171FE023396A8D00D170BA /* Preview Content */ = {
			isa = PBXGroup;
			children = (
				C7171FE123396A8D00D170BA /* Preview Assets.xcassets */,
			);
			path = "Preview Content";
			sourceTree = "<group>";
		};
		C7171FEC23396B9A00D170BA /* Models */ = {
			isa = PBXGroup;
			children = (
				C7171FED23396BA200D170BA /* Person.swift */,
			);
			path = Models;
			sourceTree = "<group>";
		};
/* End PBXGroup section */

/* Begin PBXNativeTarget section */
		C7171FD423396A8C00D170BA /* ListCrudOperationsLBTA */ = {
			isa = PBXNativeTarget;
			buildConfigurationList = C7171FE923396A8D00D170BA /* Build configuration list for PBXNativeTarget "ListCrudOperationsLBTA" */;
			buildPhases = (
				C7171FD123396A8C00D170BA /* Sources */,
				C7171FD223396A8C00D170BA /* Frameworks */,
				C7171FD323396A8C00D170BA /* Resources */,
			);
			buildRules = (
			);
			dependencies = (
			);
			name = ListCrudOperationsLBTA;
			productName = ListCrudOperationsLBTA;
			productReference = C7171FD523396A8C00D170BA /* ListCrudOperationsLBTA.app */;
			productType = "com.apple.product-type.application";
		};
/* End PBXNativeTarget section */

/* Begin PBXProject section */
		C7171FCD23396A8C00D170BA /* Project object */ = {
			isa = PBXProject;
			attributes = {
				LastSwiftUpdateCheck = 1100;
				LastUpgradeCheck = 1100;
				ORGANIZATIONNAME = "Brian Voong";
				TargetAttributes = {
					C7171FD423396A8C00D170BA = {
						CreatedOnToolsVersion = 11.0;
					};
				};
			};
			buildConfigurationList = C7171FD023396A8C00D170BA /* Build configuration list for PBXProject "ListCrudOperationsLBTA" */;
			compatibilityVersion = "Xcode 9.3";
			developmentRegion = en;
			hasScannedForEncodings = 0;
			knownRegions = (
				en,
				Base,
			);
			mainGroup = C7171FCC23396A8C00D170BA;
			productRefGroup = C7171FD623396A8C00D170BA /* Products */;
			projectDirPath = "";
			projectRoot = "";
			targets = (
				C7171FD423396A8C00D170BA /* ListCrudOperationsLBTA */,
			);
		};
/* End PBXProject section */

/* Begin PBXResourcesBuildPhase section */
		C7171FD323396A8C00D170BA /* Resources */ = {
			isa = PBXResourcesBuildPhase;
			buildActionMask = 2147483647;
			files = (
				C7171FE523396A8D00D170BA /* LaunchScreen.storyboard in Resources */,
				C7171FE223396A8D00D170BA /* Preview Assets.xcassets in Resources */,
				C7171FDF23396A8D00D170BA /* Assets.xcassets in Resources */,
			);
			runOnlyForDeploymentPostprocessing = 0;
		};
/* End PBXResourcesBuildPhase section */

/* Begin PBXSourcesBuildPhase section */
		C7171FD123396A8C00D170BA /* Sources */ = {
			isa = PBXSourcesBuildPhase;
			buildActionMask = 2147483647;
			files = (
				C7171FD923396A8C00D170BA /* AppDelegate.swift in Sources */,
				C7171FDB23396A8C00D170BA /* SceneDelegate.swift in Sources */,
				C7171FEE23396BA200D170BA /* Person.swift in Sources */,
				C7171FDD23396A8C00D170BA /* ContentView.swift in Sources */,
			);
			runOnlyForDeploymentPostprocessing = 0;
		};
/* End PBXSourcesBuildPhase section */

/* Begin PBXVariantGroup section */
		C7171FE323396A8D00D170BA /* LaunchScreen.storyboard */ = {
			isa = PBXVariantGroup;
			children = (
				C7171FE423396A8D00D170BA /* Base */,
			);
			name = LaunchScreen.storyboard;
			sourceTree = "<group>";
		};
/* End PBXVariantGroup section */

/* Begin XCBuildConfiguration section */
		C7171FE723396A8D00D170BA /* Debug */ = {
			isa = XCBuildConfiguration;
			buildSettings = {
				ALWAYS_SEARCH_USER_PATHS = NO;
				CLANG_ANALYZER_NONNULL = YES;
				CLANG_ANALYZER_NUMBER_OBJECT_CONVERSION = YES_AGGRESSIVE;
				CLANG_CXX_LANGUAGE_STANDARD = "gnu++14";
				CLANG_CXX_LIBRARY = "libc++";
				CLANG_ENABLE_MODULES = YES;
				CLANG_ENABLE_OBJC_ARC = YES;
				CLANG_ENABLE_OBJC_WEAK = YES;
				CLANG_WARN_BLOCK_CAPTURE_AUTORELEASING = YES;
				CLANG_WARN_BOOL_CONVERSION = YES;
				CLANG_WARN_COMMA = YES;
				CLANG_WARN_CONSTANT_CONVERSION = YES;
				CLANG_WARN_DEPRECATED_OBJC_IMPLEMENTATIONS = YES;
				CLANG_WARN_DIRECT_OBJC_ISA_USAGE = YES_ERROR;
				CLANG_WARN_DOCUMENTATION_COMMENTS = YES;
				CLANG_WARN_EMPTY_BODY = YES;
				CLANG_WARN_ENUM_CONVERSION = YES;
				CLANG_WARN_INFINITE_RECURSION = YES;
				CLANG_WARN_INT_CONVERSION = YES;
				CLANG_WARN_NON_LITERAL_NULL_CONVERSION = YES;
				CLANG_WARN_OBJC_IMPLICIT_RETAIN_SELF = YES;
				CLANG_WARN_OBJC_LITERAL_CONVERSION = YES;
				CLANG_WARN_OBJC_ROOT_CLASS = YES_ERROR;
				CLANG_WARN_RANGE_LOOP_ANALYSIS = YES;
				CLANG_WARN_STRICT_PROTOTYPES = YES;
				CLANG_WARN_SUSPICIOUS_MOVE = YES;
				CLANG_WARN_UNGUARDED_AVAILABILITY = YES_AGGRESSIVE;
				CLANG_WARN_UNREACHABLE_CODE = YES;
				CLANG_WARN__DUPLICATE_METHOD_MATCH = YES;
				COPY_PHASE_STRIP = NO;
				DEBUG_INFORMATION_FORMAT = dwarf;
				ENABLE_STRICT_OBJC_MSGSEND = YES;
				ENABLE_TESTABILITY = YES;
				GCC_C_LANGUAGE_STANDARD = gnu11;
				GCC_DYNAMIC_NO_PIC = NO;
				GCC_NO_COMMON_BLOCKS = YES;
				GCC_OPTIMIZATION_LEVEL = 0;
				GCC_PREPROCESSOR_DEFINITIONS = (
					"DEBUG=1",
					"$(inherited)",
				);
				GCC_WARN_64_TO_32_BIT_CONVERSION = YES;
				GCC_WARN_ABOUT_RETURN_TYPE = YES_ERROR;
				GCC_WARN_UNDECLARED_SELECTOR = YES;
				GCC_WARN_UNINITIALIZED_AUTOS = YES_AGGRESSIVE;
				GCC_WARN_UNUSED_FUNCTION = YES;
				GCC_WARN_UNUSED_VARIABLE = YES;
				IPHONEOS_DEPLOYMENT_TARGET = 13.0;
				MTL_ENABLE_DEBUG_INFO = INCLUDE_SOURCE;
				MTL_FAST_MATH = YES;
				ONLY_ACTIVE_ARCH = YES;
				SDKROOT = iphoneos;
				SWIFT_ACTIVE_COMPILATION_CONDITIONS = DEBUG;
				SWIFT_OPTIMIZATION_LEVEL = "-Onone";
			};
			name = Debug;
		};
		C7171FE823396A8D00D170BA /* Release */ = {
			isa = XCBuildConfiguration;
			buildSettings = {
				ALWAYS_SEARCH_USER_PATHS = NO;
				CLANG_ANALYZER_NONNULL = YES;
				CLANG_ANALYZER_NUMBER_OBJECT_CONVERSION = YES_AGGRESSIVE;
				CLANG_CXX_LANGUAGE_STANDARD = "gnu++14";
				CLANG_CXX_LIBRARY = "libc++";
				CLANG_ENABLE_MODULES = YES;
				CLANG_ENABLE_OBJC_ARC = YES;
				CLANG_ENABLE_OBJC_WEAK = YES;
				CLANG_WARN_BLOCK_CAPTURE_AUTORELEASING = YES;
				CLANG_WARN_BOOL_CONVERSION = YES;
				CLANG_WARN_COMMA = YES;
				CLANG_WARN_CONSTANT_CONVERSION = YES;
				CLANG_WARN_DEPRECATED_OBJC_IMPLEMENTATIONS = YES;
				CLANG_WARN_DIRECT_OBJC_ISA_USAGE = YES_ERROR;
				CLANG_WARN_DOCUMENTATION_COMMENTS = YES;
				CLANG_WARN_EMPTY_BODY = YES;
				CLANG_WARN_ENUM_CONVERSION = YES;
				CLANG_WARN_INFINITE_RECURSION = YES;
				CLANG_WARN_INT_CONVERSION = YES;
				CLANG_WARN_NON_LITERAL_NULL_CONVERSION = YES;
				CLANG_WARN_OBJC_IMPLICIT_RETAIN_SELF = YES;
				CLANG_WARN_OBJC_LITERAL_CONVERSION = YES;
				CLANG_WARN_OBJC_ROOT_CLASS = YES_ERROR;
				CLANG_WARN_RANGE_LOOP_ANALYSIS = YES;
				CLANG_WARN_STRICT_PROTOTYPES = YES;
				CLANG_WARN_SUSPICIOUS_MOVE = YES;
				CLANG_WARN_UNGUARDED_AVAILABILITY = YES_AGGRESSIVE;
				CLANG_WARN_UNREACHABLE_CODE = YES;
				CLANG_WARN__DUPLICATE_METHOD_MATCH = YES;
				COPY_PHASE_STRIP = NO;
				DEBUG_INFORMATION_FORMAT = "dwarf-with-dsym";
				ENABLE_NS_ASSERTIONS = NO;
				ENABLE_STRICT_OBJC_MSGSEND = YES;
				GCC_C_LANGUAGE_STANDARD = gnu11;
				GCC_NO_COMMON_BLOCKS = YES;
				GCC_WARN_64_TO_32_BIT_CONVERSION = YES;
				GCC_WARN_ABOUT_RETURN_TYPE = YES_ERROR;
				GCC_WARN_UNDECLARED_SELECTOR = YES;
				GCC_WARN_UNINITIALIZED_AUTOS = YES_AGGRESSIVE;
				GCC_WARN_UNUSED_FUNCTION = YES;
				GCC_WARN_UNUSED_VARIABLE = YES;
				IPHONEOS_DEPLOYMENT_TARGET = 13.0;
				MTL_ENABLE_DEBUG_INFO = NO;
				MTL_FAST_MATH = YES;
				SDKROOT = iphoneos;
				SWIFT_COMPILATION_MODE = wholemodule;
				SWIFT_OPTIMIZATION_LEVEL = "-O";
				VALIDATE_PRODUCT = YES;
			};
			name = Release;
		};
		C7171FEA23396A8D00D170BA /* Debug */ = {
			isa = XCBuildConfiguration;
			buildSettings = {
				ASSETCATALOG_COMPILER_APPICON_NAME = AppIcon;
				CODE_SIGN_STYLE = Automatic;
				DEVELOPMENT_ASSET_PATHS = "\"ListCrudOperationsLBTA/Preview Content\"";
				DEVELOPMENT_TEAM = U96GUE2A6L;
				ENABLE_PREVIEWS = YES;
				INFOPLIST_FILE = ListCrudOperationsLBTA/Info.plist;
				LD_RUNPATH_SEARCH_PATHS = (
					"$(inherited)",
					"@executable_path/Frameworks",
				);
				PRODUCT_BUNDLE_IDENTIFIER = com.letsbuildthatapp.ListCrudOperationsLBTA;
				PRODUCT_NAME = "$(TARGET_NAME)";
				SWIFT_VERSION = 5.0;
				TARGETED_DEVICE_FAMILY = "1,2";
			};
			name = Debug;
		};
		C7171FEB23396A8D00D170BA /* Release */ = {
			isa = XCBuildConfiguration;
			buildSettings = {
				ASSETCATALOG_COMPILER_APPICON_NAME = AppIcon;
				CODE_SIGN_STYLE = Automatic;
				DEVELOPMENT_ASSET_PATHS = "\"ListCrudOperationsLBTA/Preview Content\"";
				DEVELOPMENT_TEAM = U96GUE2A6L;
				ENABLE_PREVIEWS = YES;
				INFOPLIST_FILE = ListCrudOperationsLBTA/Info.plist;
				LD_RUNPATH_SEARCH_PATHS = (
					"$(inherited)",
					"@executable_path/Frameworks",
				);
				PRODUCT_BUNDLE_IDENTIFIER = com.letsbuildthatapp.ListCrudOperationsLBTA;
				PRODUCT_NAME = "$(TARGET_NAME)";
				SWIFT_VERSION = 5.0;
				TARGETED_DEVICE_FAMILY = "1,2";
			};
			name = Release;
		};
/* End XCBuildConfiguration section */

/* Begin XCConfigurationList section */
		C7171FD023396A8C00D170BA /* Build configuration list for PBXProject "ListCrudOperationsLBTA" */ = {
			isa = XCConfigurationList;
			buildConfigurations = (
				C7171FE723396A8D00D170BA /* Debug */,
				C7171FE823396A8D00D170BA /* Release */,
			);
			defaultConfigurationIsVisible = 0;
			defaultConfigurationName = Release;
		};
		C7171FE923396A8D00D170BA /* Build configuration list for PBXNativeTarget "ListCrudOperationsLBTA" */ = {
			isa = XCConfigurationList;
			buildConfigurations = (
				C7171FEA23396A8D00D170BA /* Debug */,
				C7171FEB23396A8D00D170BA /* Release */,
			);
			defaultConfigurationIsVisible = 0;
			defaultConfigurationName = Release;
		};
/* End XCConfigurationList section */
	};
	rootObject = C7171FCD23396A8C00D170BA /* Project object */;
}
