// !$*UTF8*$!
{
	archiveVersion = 1;
	classes = {
	};
	objectVersion = 50;
	objects = {

/* Begin PBXBuildFile section */
		B4433B23230DC4BE00424CEF /* ToDoItemCellView.swift in Sources */ = {isa = PBXBuildFile; fileRef = B4433B22230DC4BE00424CEF /* ToDoItemCellView.swift */; };
		B455B2A0230D3E1900894FAB /* AppDelegate.swift in Sources */ = {isa = PBXBuildFile; fileRef = B455B29F230D3E1900894FAB /* AppDelegate.swift */; };
		B455B2A2230D3E1900894FAB /* SceneDelegate.swift in Sources */ = {isa = PBXBuildFile; fileRef = B455B2A1230D3E1900894FAB /* SceneDelegate.swift */; };
		B455B2A5230D3E1900894FAB /* ToDoList.xcdatamodeld in Sources */ = {isa = PBXBuildFile; fileRef = B455B2A3230D3E1900894FAB /* ToDoList.xcdatamodeld */; };
		B455B2A7230D3E1900894FAB /* ContentView.swift in Sources */ = {isa = PBXBuildFile; fileRef = B455B2A6230D3E1900894FAB /* ContentView.swift */; };
		B455B2A9230D3E1B00894FAB /* Assets.xcassets in Resources */ = {isa = PBXBuildFile; fileRef = B455B2A8230D3E1B00894FAB /* Assets.xcassets */; };
		B455B2AC230D3E1B00894FAB /* Preview Assets.xcassets in Resources */ = {isa = PBXBuildFile; fileRef = B455B2AB230D3E1B00894FAB /* Preview Assets.xcassets */; };
		B455B2AF230D3E1B00894FAB /* LaunchScreen.storyboard in Resources */ = {isa = PBXBuildFile; fileRef = B455B2AD230D3E1B00894FAB /* LaunchScreen.storyboard */; };
		B455B2BA230D3E1B00894FAB /* ToDoListTests.swift in Sources */ = {isa = PBXBuildFile; fileRef = B455B2B9230D3E1B00894FAB /* ToDoListTests.swift */; };
		B455B2C5230D3E1B00894FAB /* ToDoListUITests.swift in Sources */ = {isa = PBXBuildFile; fileRef = B455B2C4230D3E1B00894FAB /* ToDoListUITests.swift */; };
		B455B2D3230D3E4D00894FAB /* ToDoItem.swift in Sources */ = {isa = PBXBuildFile; fileRef = B455B2D2230D3E4D00894FAB /* ToDoItem.swift */; };
/* End PBXBuildFile section */

/* Begin PBXContainerItemProxy section */
		B455B2B6230D3E1B00894FAB /* PBXContainerItemProxy */ = {
			isa = PBXContainerItemProxy;
			containerPortal = B455B294230D3E1900894FAB /* Project object */;
			proxyType = 1;
			remoteGlobalIDString = B455B29B230D3E1900894FAB;
			remoteInfo = ToDoList;
		};
		B455B2C1230D3E1B00894FAB /* PBXContainerItemProxy */ = {
			isa = PBXContainerItemProxy;
			containerPortal = B455B294230D3E1900894FAB /* Project object */;
			proxyType = 1;
			remoteGlobalIDString = B455B29B230D3E1900894FAB;
			remoteInfo = ToDoList;
		};
/* End PBXContainerItemProxy section */

/* Begin PBXFileReference section */
		B4433B22230DC4BE00424CEF /* ToDoItemCellView.swift */ = {isa = PBXFileReference; lastKnownFileType = sourcecode.swift; path = ToDoItemCellView.swift; sourceTree = "<group>"; };
		B455B29C230D3E1900894FAB /* ToDoList.app */ = {isa = PBXFileReference; explicitFileType = wrapper.application; includeInIndex = 0; path = ToDoList.app; sourceTree = BUILT_PRODUCTS_DIR; };
		B455B29F230D3E1900894FAB /* AppDelegate.swift */ = {isa = PBXFileReference; lastKnownFileType = sourcecode.swift; path = AppDelegate.swift; sourceTree = "<group>"; };
		B455B2A1230D3E1900894FAB /* SceneDelegate.swift */ = {isa = PBXFileReference; lastKnownFileType = sourcecode.swift; path = SceneDelegate.swift; sourceTree = "<group>"; };
		B455B2A4230D3E1900894FAB /* ToDoList.xcdatamodel */ = {isa = PBXFileReference; lastKnownFileType = wrapper.xcdatamodel; path = ToDoList.xcdatamodel; sourceTree = "<group>"; };
		B455B2A6230D3E1900894FAB /* ContentView.swift */ = {isa = PBXFileReference; lastKnownFileType = sourcecode.swift; path = ContentView.swift; sourceTree = "<group>"; };
		B455B2A8230D3E1B00894FAB /* Assets.xcassets */ = {isa = PBXFileReference; lastKnownFileType = folder.assetcatalog; path = Assets.xcassets; sourceTree = "<group>"; };
		B455B2AB230D3E1B00894FAB /* Preview Assets.xcassets */ = {isa = PBXFileReference; lastKnownFileType = folder.assetcatalog; path = "Preview Assets.xcassets"; sourceTree = "<group>"; };
		B455B2AE230D3E1B00894FAB /* Base */ = {isa = PBXFileReference; lastKnownFileType = file.storyboard; name = Base; path = Base.lproj/LaunchScreen.storyboard; sourceTree = "<group>"; };
		B455B2B0230D3E1B00894FAB /* Info.plist */ = {isa = PBXFileReference; lastKnownFileType = text.plist.xml; path = Info.plist; sourceTree = "<group>"; };
		B455B2B5230D3E1B00894FAB /* ToDoListTests.xctest */ = {isa = PBXFileReference; explicitFileType = wrapper.cfbundle; includeInIndex = 0; path = ToDoListTests.xctest; sourceTree = BUILT_PRODUCTS_DIR; };
		B455B2B9230D3E1B00894FAB /* ToDoListTests.swift */ = {isa = PBXFileReference; lastKnownFileType = sourcecode.swift; path = ToDoListTests.swift; sourceTree = "<group>"; };
		B455B2BB230D3E1B00894FAB /* Info.plist */ = {isa = PBXFileReference; lastKnownFileType = text.plist.xml; path = Info.plist; sourceTree = "<group>"; };
		B455B2C0230D3E1B00894FAB /* ToDoListUITests.xctest */ = {isa = PBXFileReference; explicitFileType = wrapper.cfbundle; includeInIndex = 0; path = ToDoListUITests.xctest; sourceTree = BUILT_PRODUCTS_DIR; };
		B455B2C4230D3E1B00894FAB /* ToDoListUITests.swift */ = {isa = PBXFileReference; lastKnownFileType = sourcecode.swift; path = ToDoListUITests.swift; sourceTree = "<group>"; };
		B455B2C6230D3E1B00894FAB /* Info.plist */ = {isa = PBXFileReference; lastKnownFileType = text.plist.xml; path = Info.plist; sourceTree = "<group>"; };
		B455B2D2230D3E4D00894FAB /* ToDoItem.swift */ = {isa = PBXFileReference; lastKnownFileType = sourcecode.swift; path = ToDoItem.swift; sourceTree = "<group>"; };
/* End PBXFileReference section */

/* Begin PBXFrameworksBuildPhase section */
		B455B299230D3E1900894FAB /* Frameworks */ = {
			isa = PBXFrameworksBuildPhase;
			buildActionMask = 2147483647;
			files = (
			);
			runOnlyForDeploymentPostprocessing = 0;
		};
		B455B2B2230D3E1B00894FAB /* Frameworks */ = {
			isa = PBXFrameworksBuildPhase;
			buildActionMask = 2147483647;
			files = (
			);
			runOnlyForDeploymentPostprocessing = 0;
		};
		B455B2BD230D3E1B00894FAB /* Frameworks */ = {
			isa = PBXFrameworksBuildPhase;
			buildActionMask = 2147483647;
			files = (
			);
			runOnlyForDeploymentPostprocessing = 0;
		};
/* End PBXFrameworksBuildPhase section */

/* Begin PBXGroup section */
		B4433B24230DC4C800424CEF /* Views */ = {
			isa = PBXGroup;
			children = (
				B455B2A6230D3E1900894FAB /* ContentView.swift */,
				B4433B22230DC4BE00424CEF /* ToDoItemCellView.swift */,
			);
			path = Views;
			sourceTree = "<group>";
		};
		B4433B25230DC4D800424CEF /* Model */ = {
			isa = PBXGroup;
			children = (
				B455B2A3230D3E1900894FAB /* ToDoList.xcdatamodeld */,
				B455B2D2230D3E4D00894FAB /* ToDoItem.swift */,
			);
			path = Model;
			sourceTree = "<group>";
		};
		B455B293230D3E1900894FAB = {
			isa = PBXGroup;
			children = (
				B455B29E230D3E1900894FAB /* ToDoList */,
				B455B2B8230D3E1B00894FAB /* ToDoListTests */,
				B455B2C3230D3E1B00894FAB /* ToDoListUITests */,
				B455B29D230D3E1900894FAB /* Products */,
			);
			sourceTree = "<group>";
		};
		B455B29D230D3E1900894FAB /* Products */ = {
			isa = PBXGroup;
			children = (
				B455B29C230D3E1900894FAB /* ToDoList.app */,
				B455B2B5230D3E1B00894FAB /* ToDoListTests.xctest */,
				B455B2C0230D3E1B00894FAB /* ToDoListUITests.xctest */,
			);
			name = Products;
			sourceTree = "<group>";
		};
		B455B29E230D3E1900894FAB /* ToDoList */ = {
			isa = PBXGroup;
			children = (
				B455B29F230D3E1900894FAB /* AppDelegate.swift */,
				B455B2A1230D3E1900894FAB /* SceneDelegate.swift */,
				B4433B24230DC4C800424CEF /* Views */,
				B455B2A8230D3E1B00894FAB /* Assets.xcassets */,
				B455B2AD230D3E1B00894FAB /* LaunchScreen.storyboard */,
				B455B2B0230D3E1B00894FAB /* Info.plist */,
				B4433B25230DC4D800424CEF /* Model */,
				B455B2AA230D3E1B00894FAB /* Preview Content */,
			);
			path = ToDoList;
			sourceTree = "<group>";
		};
		B455B2AA230D3E1B00894FAB /* Preview Content */ = {
			isa = PBXGroup;
			children = (
				B455B2AB230D3E1B00894FAB /* Preview Assets.xcassets */,
			);
			path = "Preview Content";
			sourceTree = "<group>";
		};
		B455B2B8230D3E1B00894FAB /* ToDoListTests */ = {
			isa = PBXGroup;
			children = (
				B455B2B9230D3E1B00894FAB /* ToDoListTests.swift */,
				B455B2BB230D3E1B00894FAB /* Info.plist */,
			);
			path = ToDoListTests;
			sourceTree = "<group>";
		};
		B455B2C3230D3E1B00894FAB /* ToDoListUITests */ = {
			isa = PBXGroup;
			children = (
				B455B2C4230D3E1B00894FAB /* ToDoListUITests.swift */,
				B455B2C6230D3E1B00894FAB /* Info.plist */,
			);
			path = ToDoListUITests;
			sourceTree = "<group>";
		};
/* End PBXGroup section */

/* Begin PBXNativeTarget section */
		B455B29B230D3E1900894FAB /* ToDoList */ = {
			isa = PBXNativeTarget;
			buildConfigurationList = B455B2C9230D3E1B00894FAB /* Build configuration list for PBXNativeTarget "ToDoList" */;
			buildPhases = (
				B455B298230D3E1900894FAB /* Sources */,
				B455B299230D3E1900894FAB /* Frameworks */,
				B455B29A230D3E1900894FAB /* Resources */,
			);
			buildRules = (
			);
			dependencies = (
			);
			name = ToDoList;
			productName = ToDoList;
			productReference = B455B29C230D3E1900894FAB /* ToDoList.app */;
			productType = "com.apple.product-type.application";
		};
		B455B2B4230D3E1B00894FAB /* ToDoListTests */ = {
			isa = PBXNativeTarget;
			buildConfigurationList = B455B2CC230D3E1B00894FAB /* Build configuration list for PBXNativeTarget "ToDoListTests" */;
			buildPhases = (
				B455B2B1230D3E1B00894FAB /* Sources */,
				B455B2B2230D3E1B00894FAB /* Frameworks */,
				B455B2B3230D3E1B00894FAB /* Resources */,
			);
			buildRules = (
			);
			dependencies = (
				B455B2B7230D3E1B00894FAB /* PBXTargetDependency */,
			);
			name = ToDoListTests;
			productName = ToDoListTests;
			productReference = B455B2B5230D3E1B00894FAB /* ToDoListTests.xctest */;
			productType = "com.apple.product-type.bundle.unit-test";
		};
		B455B2BF230D3E1B00894FAB /* ToDoListUITests */ = {
			isa = PBXNativeTarget;
			buildConfigurationList = B455B2CF230D3E1B00894FAB /* Build configuration list for PBXNativeTarget "ToDoListUITests" */;
			buildPhases = (
				B455B2BC230D3E1B00894FAB /* Sources */,
				B455B2BD230D3E1B00894FAB /* Frameworks */,
				B455B2BE230D3E1B00894FAB /* Resources */,
			);
			buildRules = (
			);
			dependencies = (
				B455B2C2230D3E1B00894FAB /* PBXTargetDependency */,
			);
			name = ToDoListUITests;
			productName = ToDoListUITests;
			productReference = B455B2C0230D3E1B00894FAB /* ToDoListUITests.xctest */;
			productType = "com.apple.product-type.bundle.ui-testing";
		};
/* End PBXNativeTarget section */

/* Begin PBXProject section */
		B455B294230D3E1900894FAB /* Project object */ = {
			isa = PBXProject;
			attributes = {
				LastSwiftUpdateCheck = 1100;
				LastUpgradeCheck = 1100;
				ORGANIZATIONNAME = "Saul Moreno Abril";
				TargetAttributes = {
					B455B29B230D3E1900894FAB = {
						CreatedOnToolsVersion = 11.0;
					};
					B455B2B4230D3E1B00894FAB = {
						CreatedOnToolsVersion = 11.0;
						TestTargetID = B455B29B230D3E1900894FAB;
					};
					B455B2BF230D3E1B00894FAB = {
						CreatedOnToolsVersion = 11.0;
						TestTargetID = B455B29B230D3E1900894FAB;
					};
				};
			};
			buildConfigurationList = B455B297230D3E1900894FAB /* Build configuration list for PBXProject "ToDoList" */;
			compatibilityVersion = "Xcode 9.3";
			developmentRegion = en;
			hasScannedForEncodings = 0;
			knownRegions = (
				en,
				Base,
			);
			mainGroup = B455B293230D3E1900894FAB;
			productRefGroup = B455B29D230D3E1900894FAB /* Products */;
			projectDirPath = "";
			projectRoot = "";
			targets = (
				B455B29B230D3E1900894FAB /* ToDoList */,
				B455B2B4230D3E1B00894FAB /* ToDoListTests */,
				B455B2BF230D3E1B00894FAB /* ToDoListUITests */,
			);
		};
/* End PBXProject section */

/* Begin PBXResourcesBuildPhase section */
		B455B29A230D3E1900894FAB /* Resources */ = {
			isa = PBXResourcesBuildPhase;
			buildActionMask = 2147483647;
			files = (
				B455B2AF230D3E1B00894FAB /* LaunchScreen.storyboard in Resources */,
				B455B2AC230D3E1B00894FAB /* Preview Assets.xcassets in Resources */,
				B455B2A9230D3E1B00894FAB /* Assets.xcassets in Resources */,
			);
			runOnlyForDeploymentPostprocessing = 0;
		};
		B455B2B3230D3E1B00894FAB /* Resources */ = {
			isa = PBXResourcesBuildPhase;
			buildActionMask = 2147483647;
			files = (
			);
			runOnlyForDeploymentPostprocessing = 0;
		};
		B455B2BE230D3E1B00894FAB /* Resources */ = {
			isa = PBXResourcesBuildPhase;
			buildActionMask = 2147483647;
			files = (
			);
			runOnlyForDeploymentPostprocessing = 0;
		};
/* End PBXResourcesBuildPhase section */

/* Begin PBXSourcesBuildPhase section */
		B455B298230D3E1900894FAB /* Sources */ = {
			isa = PBXSourcesBuildPhase;
			buildActionMask = 2147483647;
			files = (
				B455B2A0230D3E1900894FAB /* AppDelegate.swift in Sources */,
				B455B2A5230D3E1900894FAB /* ToDoList.xcdatamodeld in Sources */,
				B455B2D3230D3E4D00894FAB /* ToDoItem.swift in Sources */,
				B455B2A7230D3E1900894FAB /* ContentView.swift in Sources */,
				B455B2A2230D3E1900894FAB /* SceneDelegate.swift in Sources */,
				B4433B23230DC4BE00424CEF /* ToDoItemCellView.swift in Sources */,
			);
			runOnlyForDeploymentPostprocessing = 0;
		};
		B455B2B1230D3E1B00894FAB /* Sources */ = {
			isa = PBXSourcesBuildPhase;
			buildActionMask = 2147483647;
			files = (
				B455B2BA230D3E1B00894FAB /* ToDoListTests.swift in Sources */,
			);
			runOnlyForDeploymentPostprocessing = 0;
		};
		B455B2BC230D3E1B00894FAB /* Sources */ = {
			isa = PBXSourcesBuildPhase;
			buildActionMask = 2147483647;
			files = (
				B455B2C5230D3E1B00894FAB /* ToDoListUITests.swift in Sources */,
			);
			runOnlyForDeploymentPostprocessing = 0;
		};
/* End PBXSourcesBuildPhase section */

/* Begin PBXTargetDependency section */
		B455B2B7230D3E1B00894FAB /* PBXTargetDependency */ = {
			isa = PBXTargetDependency;
			target = B455B29B230D3E1900894FAB /* ToDoList */;
			targetProxy = B455B2B6230D3E1B00894FAB /* PBXContainerItemProxy */;
		};
		B455B2C2230D3E1B00894FAB /* PBXTargetDependency */ = {
			isa = PBXTargetDependency;
			target = B455B29B230D3E1900894FAB /* ToDoList */;
			targetProxy = B455B2C1230D3E1B00894FAB /* PBXContainerItemProxy */;
		};
/* End PBXTargetDependency section */

/* Begin PBXVariantGroup section */
		B455B2AD230D3E1B00894FAB /* LaunchScreen.storyboard */ = {
			isa = PBXVariantGroup;
			children = (
				B455B2AE230D3E1B00894FAB /* Base */,
			);
			name = LaunchScreen.storyboard;
			sourceTree = "<group>";
		};
/* End PBXVariantGroup section */

/* Begin XCBuildConfiguration section */
		B455B2C7230D3E1B00894FAB /* Debug */ = {
			isa = XCBuildConfiguration;
			buildSettings = {
				ALWAYS_SEARCH_USER_PATHS = NO;
				CLANG_ANALYZER_NONNULL = YES;
				CLANG_ANALYZER_NUMBER_OBJECT_CONVERSION = YES_AGGRESSIVE;
				CLANG_CXX_LANGUAGE_STANDARD = "gnu++14";
				CLANG_CXX_LIBRARY = "libc++";
				CLANG_ENABLE_MODULES = YES;
				CLANG_ENABLE_OBJC_ARC = YES;
				CLANG_ENABLE_OBJC_WEAK = YES;
				CLANG_WARN_BLOCK_CAPTURE_AUTORELEASING = YES;
				CLANG_WARN_BOOL_CONVERSION = YES;
				CLANG_WARN_COMMA = YES;
				CLANG_WARN_CONSTANT_CONVERSION = YES;
				CLANG_WARN_DEPRECATED_OBJC_IMPLEMENTATIONS = YES;
				CLANG_WARN_DIRECT_OBJC_ISA_USAGE = YES_ERROR;
				CLANG_WARN_DOCUMENTATION_COMMENTS = YES;
				CLANG_WARN_EMPTY_BODY = YES;
				CLANG_WARN_ENUM_CONVERSION = YES;
				CLANG_WARN_INFINITE_RECURSION = YES;
				CLANG_WARN_INT_CONVERSION = YES;
				CLANG_WARN_NON_LITERAL_NULL_CONVERSION = YES;
				CLANG_WARN_OBJC_IMPLICIT_RETAIN_SELF = YES;
				CLANG_WARN_OBJC_LITERAL_CONVERSION = YES;
				CLANG_WARN_OBJC_ROOT_CLASS = YES_ERROR;
				CLANG_WARN_RANGE_LOOP_ANALYSIS = YES;
				CLANG_WARN_STRICT_PROTOTYPES = YES;
				CLANG_WARN_SUSPICIOUS_MOVE = YES;
				CLANG_WARN_UNGUARDED_AVAILABILITY = YES_AGGRESSIVE;
				CLANG_WARN_UNREACHABLE_CODE = YES;
				CLANG_WARN__DUPLICATE_METHOD_MATCH = YES;
				COPY_PHASE_STRIP = NO;
				DEBUG_INFORMATION_FORMAT = dwarf;
				ENABLE_STRICT_OBJC_MSGSEND = YES;
				ENABLE_TESTABILITY = YES;
				GCC_C_LANGUAGE_STANDARD = gnu11;
				GCC_DYNAMIC_NO_PIC = NO;
				GCC_NO_COMMON_BLOCKS = YES;
				GCC_OPTIMIZATION_LEVEL = 0;
				GCC_PREPROCESSOR_DEFINITIONS = (
					"DEBUG=1",
					"$(inherited)",
				);
				GCC_WARN_64_TO_32_BIT_CONVERSION = YES;
				GCC_WARN_ABOUT_RETURN_TYPE = YES_ERROR;
				GCC_WARN_UNDECLARED_SELECTOR = YES;
				GCC_WARN_UNINITIALIZED_AUTOS = YES_AGGRESSIVE;
				GCC_WARN_UNUSED_FUNCTION = YES;
				GCC_WARN_UNUSED_VARIABLE = YES;
				IPHONEOS_DEPLOYMENT_TARGET = 13.0;
				MTL_ENABLE_DEBUG_INFO = INCLUDE_SOURCE;
				MTL_FAST_MATH = YES;
				ONLY_ACTIVE_ARCH = YES;
				SDKROOT = iphoneos;
				SWIFT_ACTIVE_COMPILATION_CONDITIONS = DEBUG;
				SWIFT_OPTIMIZATION_LEVEL = "-Onone";
			};
			name = Debug;
		};
		B455B2C8230D3E1B00894FAB /* Release */ = {
			isa = XCBuildConfiguration;
			buildSettings = {
				ALWAYS_SEARCH_USER_PATHS = NO;
				CLANG_ANALYZER_NONNULL = YES;
				CLANG_ANALYZER_NUMBER_OBJECT_CONVERSION = YES_AGGRESSIVE;
				CLANG_CXX_LANGUAGE_STANDARD = "gnu++14";
				CLANG_CXX_LIBRARY = "libc++";
				CLANG_ENABLE_MODULES = YES;
				CLANG_ENABLE_OBJC_ARC = YES;
				CLANG_ENABLE_OBJC_WEAK = YES;
				CLANG_WARN_BLOCK_CAPTURE_AUTORELEASING = YES;
				CLANG_WARN_BOOL_CONVERSION = YES;
				CLANG_WARN_COMMA = YES;
				CLANG_WARN_CONSTANT_CONVERSION = YES;
				CLANG_WARN_DEPRECATED_OBJC_IMPLEMENTATIONS = YES;
				CLANG_WARN_DIRECT_OBJC_ISA_USAGE = YES_ERROR;
				CLANG_WARN_DOCUMENTATION_COMMENTS = YES;
				CLANG_WARN_EMPTY_BODY = YES;
				CLANG_WARN_ENUM_CONVERSION = YES;
				CLANG_WARN_INFINITE_RECURSION = YES;
				CLANG_WARN_INT_CONVERSION = YES;
				CLANG_WARN_NON_LITERAL_NULL_CONVERSION = YES;
				CLANG_WARN_OBJC_IMPLICIT_RETAIN_SELF = YES;
				CLANG_WARN_OBJC_LITERAL_CONVERSION = YES;
				CLANG_WARN_OBJC_ROOT_CLASS = YES_ERROR;
				CLANG_WARN_RANGE_LOOP_ANALYSIS = YES;
				CLANG_WARN_STRICT_PROTOTYPES = YES;
				CLANG_WARN_SUSPICIOUS_MOVE = YES;
				CLANG_WARN_UNGUARDED_AVAILABILITY = YES_AGGRESSIVE;
				CLANG_WARN_UNREACHABLE_CODE = YES;
				CLANG_WARN__DUPLICATE_METHOD_MATCH = YES;
				COPY_PHASE_STRIP = NO;
				DEBUG_INFORMATION_FORMAT = "dwarf-with-dsym";
				ENABLE_NS_ASSERTIONS = NO;
				ENABLE_STRICT_OBJC_MSGSEND = YES;
				GCC_C_LANGUAGE_STANDARD = gnu11;
				GCC_NO_COMMON_BLOCKS = YES;
				GCC_WARN_64_TO_32_BIT_CONVERSION = YES;
				GCC_WARN_ABOUT_RETURN_TYPE = YES_ERROR;
				GCC_WARN_UNDECLARED_SELECTOR = YES;
				GCC_WARN_UNINITIALIZED_AUTOS = YES_AGGRESSIVE;
				GCC_WARN_UNUSED_FUNCTION = YES;
				GCC_WARN_UNUSED_VARIABLE = YES;
				IPHONEOS_DEPLOYMENT_TARGET = 13.0;
				MTL_ENABLE_DEBUG_INFO = NO;
				MTL_FAST_MATH = YES;
				SDKROOT = iphoneos;
				SWIFT_COMPILATION_MODE = wholemodule;
				SWIFT_OPTIMIZATION_LEVEL = "-O";
				VALIDATE_PRODUCT = YES;
			};
			name = Release;
		};
		B455B2CA230D3E1B00894FAB /* Debug */ = {
			isa = XCBuildConfiguration;
			buildSettings = {
				ASSETCATALOG_COMPILER_APPICON_NAME = AppIcon;
				CODE_SIGN_STYLE = Automatic;
				DEVELOPMENT_ASSET_PATHS = "ToDoList/Preview\\ Content";
				DEVELOPMENT_TEAM = U96GUE2A6L;
				ENABLE_PREVIEWS = YES;
				INFOPLIST_FILE = ToDoList/Info.plist;
				LD_RUNPATH_SEARCH_PATHS = (
					"$(inherited)",
					"@executable_path/Frameworks",
				);
				PRODUCT_BUNDLE_IDENTIFIER = com.saulmorenoabril.com.ToDoList;
				PRODUCT_NAME = "$(TARGET_NAME)";
				SWIFT_VERSION = 5.0;
				TARGETED_DEVICE_FAMILY = "1,2";
			};
			name = Debug;
		};
		B455B2CB230D3E1B00894FAB /* Release */ = {
			isa = XCBuildConfiguration;
			buildSettings = {
				ASSETCATALOG_COMPILER_APPICON_NAME = AppIcon;
				CODE_SIGN_STYLE = Automatic;
				DEVELOPMENT_ASSET_PATHS = "ToDoList/Preview\\ Content";
				DEVELOPMENT_TEAM = U96GUE2A6L;
				ENABLE_PREVIEWS = YES;
				INFOPLIST_FILE = ToDoList/Info.plist;
				LD_RUNPATH_SEARCH_PATHS = (
					"$(inherited)",
					"@executable_path/Frameworks",
				);
				PRODUCT_BUNDLE_IDENTIFIER = com.saulmorenoabril.com.ToDoList;
				PRODUCT_NAME = "$(TARGET_NAME)";
				SWIFT_VERSION = 5.0;
				TARGETED_DEVICE_FAMILY = "1,2";
			};
			name = Release;
		};
		B455B2CD230D3E1B00894FAB /* Debug */ = {
			isa = XCBuildConfiguration;
			buildSettings = {
				ALWAYS_EMBED_SWIFT_STANDARD_LIBRARIES = YES;
				BUNDLE_LOADER = "$(TEST_HOST)";
				CODE_SIGN_STYLE = Automatic;
				DEVELOPMENT_TEAM = U96GUE2A6L;
				INFOPLIST_FILE = ToDoListTests/Info.plist;
				LD_RUNPATH_SEARCH_PATHS = (
					"$(inherited)",
					"@executable_path/Frameworks",
					"@loader_path/Frameworks",
				);
				PRODUCT_BUNDLE_IDENTIFIER = com.saulmorenoabril.com.ToDoListTests;
				PRODUCT_NAME = "$(TARGET_NAME)";
				SWIFT_VERSION = 5.0;
				TARGETED_DEVICE_FAMILY = "1,2";
				TEST_HOST = "$(BUILT_PRODUCTS_DIR)/ToDoList.app/ToDoList";
			};
			name = Debug;
		};
		B455B2CE230D3E1B00894FAB /* Release */ = {
			isa = XCBuildConfiguration;
			buildSettings = {
				ALWAYS_EMBED_SWIFT_STANDARD_LIBRARIES = YES;
				BUNDLE_LOADER = "$(TEST_HOST)";
				CODE_SIGN_STYLE = Automatic;
				DEVELOPMENT_TEAM = U96GUE2A6L;
				INFOPLIST_FILE = ToDoListTests/Info.plist;
				LD_RUNPATH_SEARCH_PATHS = (
					"$(inherited)",
					"@executable_path/Frameworks",
					"@loader_path/Frameworks",
				);
				PRODUCT_BUNDLE_IDENTIFIER = com.saulmorenoabril.com.ToDoListTests;
				PRODUCT_NAME = "$(TARGET_NAME)";
				SWIFT_VERSION = 5.0;
				TARGETED_DEVICE_FAMILY = "1,2";
				TEST_HOST = "$(BUILT_PRODUCTS_DIR)/ToDoList.app/ToDoList";
			};
			name = Release;
		};
		B455B2D0230D3E1B00894FAB /* Debug */ = {
			isa = XCBuildConfiguration;
			buildSettings = {
				ALWAYS_EMBED_SWIFT_STANDARD_LIBRARIES = YES;
				CODE_SIGN_STYLE = Automatic;
				DEVELOPMENT_TEAM = U96GUE2A6L;
				INFOPLIST_FILE = ToDoListUITests/Info.plist;
				LD_RUNPATH_SEARCH_PATHS = (
					"$(inherited)",
					"@executable_path/Frameworks",
					"@loader_path/Frameworks",
				);
				PRODUCT_BUNDLE_IDENTIFIER = com.saulmorenoabril.com.ToDoListUITests;
				PRODUCT_NAME = "$(TARGET_NAME)";
				SWIFT_VERSION = 5.0;
				TARGETED_DEVICE_FAMILY = "1,2";
				TEST_TARGET_NAME = ToDoList;
			};
			name = Debug;
		};
		B455B2D1230D3E1B00894FAB /* Release */ = {
			isa = XCBuildConfiguration;
			buildSettings = {
				ALWAYS_EMBED_SWIFT_STANDARD_LIBRARIES = YES;
				CODE_SIGN_STYLE = Automatic;
				DEVELOPMENT_TEAM = U96GUE2A6L;
				INFOPLIST_FILE = ToDoListUITests/Info.plist;
				LD_RUNPATH_SEARCH_PATHS = (
					"$(inherited)",
					"@executable_path/Frameworks",
					"@loader_path/Frameworks",
				);
				PRODUCT_BUNDLE_IDENTIFIER = com.saulmorenoabril.com.ToDoListUITests;
				PRODUCT_NAME = "$(TARGET_NAME)";
				SWIFT_VERSION = 5.0;
				TARGETED_DEVICE_FAMILY = "1,2";
				TEST_TARGET_NAME = ToDoList;
			};
			name = Release;
		};
/* End XCBuildConfiguration section */

/* Begin XCConfigurationList section */
		B455B297230D3E1900894FAB /* Build configuration list for PBXProject "ToDoList" */ = {
			isa = XCConfigurationList;
			buildConfigurations = (
				B455B2C7230D3E1B00894FAB /* Debug */,
				B455B2C8230D3E1B00894FAB /* Release */,
			);
			defaultConfigurationIsVisible = 0;
			defaultConfigurationName = Release;
		};
		B455B2C9230D3E1B00894FAB /* Build configuration list for PBXNativeTarget "ToDoList" */ = {
			isa = XCConfigurationList;
			buildConfigurations = (
				B455B2CA230D3E1B00894FAB /* Debug */,
				B455B2CB230D3E1B00894FAB /* Release */,
			);
			defaultConfigurationIsVisible = 0;
			defaultConfigurationName = Release;
		};
		B455B2CC230D3E1B00894FAB /* Build configuration list for PBXNativeTarget "ToDoListTests" */ = {
			isa = XCConfigurationList;
			buildConfigurations = (
				B455B2CD230D3E1B00894FAB /* Debug */,
				B455B2CE230D3E1B00894FAB /* Release */,
			);
			defaultConfigurationIsVisible = 0;
			defaultConfigurationName = Release;
		};
		B455B2CF230D3E1B00894FAB /* Build configuration list for PBXNativeTarget "ToDoListUITests" */ = {
			isa = XCConfigurationList;
			buildConfigurations = (
				B455B2D0230D3E1B00894FAB /* Debug */,
				B455B2D1230D3E1B00894FAB /* Release */,
			);
			defaultConfigurationIsVisible = 0;
			defaultConfigurationName = Release;
		};
/* End XCConfigurationList section */

/* Begin XCVersionGroup section */
		B455B2A3230D3E1900894FAB /* ToDoList.xcdatamodeld */ = {
			isa = XCVersionGroup;
			children = (
				B455B2A4230D3E1900894FAB /* ToDoList.xcdatamodel */,
			);
			currentVersion = B455B2A4230D3E1900894FAB /* ToDoList.xcdatamodel */;
			path = ToDoList.xcdatamodeld;
			sourceTree = "<group>";
			versionGroupType = wrapper.xcdatamodel;
		};
/* End XCVersionGroup section */
	};
	rootObject = B455B294230D3E1900894FAB /* Project object */;
}
