// !$*UTF8*$!
{
	archiveVersion = 1;
	classes = {
	};
	objectVersion = 50;
	objects = {

/* Begin PBXBuildFile section */
		9C0F27A2231A786400568913 /* AppDelegate.swift in Sources */ = {isa = PBXBuildFile; fileRef = 9C0F27A1231A786400568913 /* AppDelegate.swift */; };
		9C0F27A4231A786400568913 /* SceneDelegate.swift in Sources */ = {isa = PBXBuildFile; fileRef = 9C0F27A3231A786400568913 /* SceneDelegate.swift */; };
		9C0F27A6231A786400568913 /* ContentView.swift in Sources */ = {isa = PBXBuildFile; fileRef = 9C0F27A5231A786400568913 /* ContentView.swift */; };
		9C0F27A8231A786500568913 /* Assets.xcassets in Resources */ = {isa = PBXBuildFile; fileRef = 9C0F27A7231A786500568913 /* Assets.xcassets */; };
		9C0F27AB231A786500568913 /* Preview Assets.xcassets in Resources */ = {isa = PBXBuildFile; fileRef = 9C0F27AA231A786500568913 /* Preview Assets.xcassets */; };
		9C0F27AE231A786500568913 /* LaunchScreen.storyboard in Resources */ = {isa = PBXBuildFile; fileRef = 9C0F27AC231A786500568913 /* LaunchScreen.storyboard */; };
		9C0F27B9231A786600568913 /* VCShowTests.swift in Sources */ = {isa = PBXBuildFile; fileRef = 9C0F27B8231A786600568913 /* VCShowTests.swift */; };
		9C0F27C4231A786600568913 /* VCShowUITests.swift in Sources */ = {isa = PBXBuildFile; fileRef = 9C0F27C3231A786600568913 /* VCShowUITests.swift */; };
		9C0F27D4231A78AE00568913 /* VideoIdea.swift in Sources */ = {isa = PBXBuildFile; fileRef = 9C0F27D3231A78AE00568913 /* VideoIdea.swift */; };
		9C0F27D6231A78BA00568913 /* ChannelData.swift in Sources */ = {isa = PBXBuildFile; fileRef = 9C0F27D5231A78BA00568913 /* ChannelData.swift */; };
		9C0F27D8231A78CE00568913 /* SecondView.swift in Sources */ = {isa = PBXBuildFile; fileRef = 9C0F27D7231A78CE00568913 /* SecondView.swift */; };
		9C0F27DA231A78DA00568913 /* ChannelView.swift in Sources */ = {isa = PBXBuildFile; fileRef = 9C0F27D9231A78DA00568913 /* ChannelView.swift */; };
/* End PBXBuildFile section */

/* Begin PBXContainerItemProxy section */
		9C0F27B5231A786600568913 /* PBXContainerItemProxy */ = {
			isa = PBXContainerItemProxy;
			containerPortal = 9C0F2796231A786400568913 /* Project object */;
			proxyType = 1;
			remoteGlobalIDString = 9C0F279D231A786400568913;
			remoteInfo = VCShow;
		};
		9C0F27C0231A786600568913 /* PBXContainerItemProxy */ = {
			isa = PBXContainerItemProxy;
			containerPortal = 9C0F2796231A786400568913 /* Project object */;
			proxyType = 1;
			remoteGlobalIDString = 9C0F279D231A786400568913;
			remoteInfo = VCShow;
		};
/* End PBXContainerItemProxy section */

/* Begin PBXFileReference section */
		9C0F279E231A786400568913 /* VCShow.app */ = {isa = PBXFileReference; explicitFileType = wrapper.application; includeInIndex = 0; path = VCShow.app; sourceTree = BUILT_PRODUCTS_DIR; };
		9C0F27A1231A786400568913 /* AppDelegate.swift */ = {isa = PBXFileReference; lastKnownFileType = sourcecode.swift; path = AppDelegate.swift; sourceTree = "<group>"; };
		9C0F27A3231A786400568913 /* SceneDelegate.swift */ = {isa = PBXFileReference; lastKnownFileType = sourcecode.swift; path = SceneDelegate.swift; sourceTree = "<group>"; };
		9C0F27A5231A786400568913 /* ContentView.swift */ = {isa = PBXFileReference; lastKnownFileType = sourcecode.swift; path = ContentView.swift; sourceTree = "<group>"; };
		9C0F27A7231A786500568913 /* Assets.xcassets */ = {isa = PBXFileReference; lastKnownFileType = folder.assetcatalog; path = Assets.xcassets; sourceTree = "<group>"; };
		9C0F27AA231A786500568913 /* Preview Assets.xcassets */ = {isa = PBXFileReference; lastKnownFileType = folder.assetcatalog; path = "Preview Assets.xcassets"; sourceTree = "<group>"; };
		9C0F27AD231A786500568913 /* Base */ = {isa = PBXFileReference; lastKnownFileType = file.storyboard; name = Base; path = Base.lproj/LaunchScreen.storyboard; sourceTree = "<group>"; };
		9C0F27AF231A786500568913 /* Info.plist */ = {isa = PBXFileReference; lastKnownFileType = text.plist.xml; path = Info.plist; sourceTree = "<group>"; };
		9C0F27B4231A786600568913 /* VCShowTests.xctest */ = {isa = PBXFileReference; explicitFileType = wrapper.cfbundle; includeInIndex = 0; path = VCShowTests.xctest; sourceTree = BUILT_PRODUCTS_DIR; };
		9C0F27B8231A786600568913 /* VCShowTests.swift */ = {isa = PBXFileReference; lastKnownFileType = sourcecode.swift; path = VCShowTests.swift; sourceTree = "<group>"; };
		9C0F27BA231A786600568913 /* Info.plist */ = {isa = PBXFileReference; lastKnownFileType = text.plist.xml; path = Info.plist; sourceTree = "<group>"; };
		9C0F27BF231A786600568913 /* VCShowUITests.xctest */ = {isa = PBXFileReference; explicitFileType = wrapper.cfbundle; includeInIndex = 0; path = VCShowUITests.xctest; sourceTree = BUILT_PRODUCTS_DIR; };
		9C0F27C3231A786600568913 /* VCShowUITests.swift */ = {isa = PBXFileReference; lastKnownFileType = sourcecode.swift; path = VCShowUITests.swift; sourceTree = "<group>"; };
		9C0F27C5231A786600568913 /* Info.plist */ = {isa = PBXFileReference; lastKnownFileType = text.plist.xml; path = Info.plist; sourceTree = "<group>"; };
		9C0F27D3231A78AE00568913 /* VideoIdea.swift */ = {isa = PBXFileReference; lastKnownFileType = sourcecode.swift; path = VideoIdea.swift; sourceTree = "<group>"; };
		9C0F27D5231A78BA00568913 /* ChannelData.swift */ = {isa = PBXFileReference; lastKnownFileType = sourcecode.swift; path = ChannelData.swift; sourceTree = "<group>"; };
		9C0F27D7231A78CE00568913 /* SecondView.swift */ = {isa = PBXFileReference; lastKnownFileType = sourcecode.swift; path = SecondView.swift; sourceTree = "<group>"; };
		9C0F27D9231A78DA00568913 /* ChannelView.swift */ = {isa = PBXFileReference; lastKnownFileType = sourcecode.swift; path = ChannelView.swift; sourceTree = "<group>"; };
/* End PBXFileReference section */

/* Begin PBXFrameworksBuildPhase section */
		9C0F279B231A786400568913 /* Frameworks */ = {
			isa = PBXFrameworksBuildPhase;
			buildActionMask = 2147483647;
			files = (
			);
			runOnlyForDeploymentPostprocessing = 0;
		};
		9C0F27B1231A786600568913 /* Frameworks */ = {
			isa = PBXFrameworksBuildPhase;
			buildActionMask = 2147483647;
			files = (
			);
			runOnlyForDeploymentPostprocessing = 0;
		};
		9C0F27BC231A786600568913 /* Frameworks */ = {
			isa = PBXFrameworksBuildPhase;
			buildActionMask = 2147483647;
			files = (
			);
			runOnlyForDeploymentPostprocessing = 0;
		};
/* End PBXFrameworksBuildPhase section */

/* Begin PBXGroup section */
		9C0F2795231A786400568913 = {
			isa = PBXGroup;
			children = (
				9C0F27A0231A786400568913 /* VCShow */,
				9C0F27B7231A786600568913 /* VCShowTests */,
				9C0F27C2231A786600568913 /* VCShowUITests */,
				9C0F279F231A786400568913 /* Products */,
			);
			sourceTree = "<group>";
		};
		9C0F279F231A786400568913 /* Products */ = {
			isa = PBXGroup;
			children = (
				9C0F279E231A786400568913 /* VCShow.app */,
				9C0F27B4231A786600568913 /* VCShowTests.xctest */,
				9C0F27BF231A786600568913 /* VCShowUITests.xctest */,
			);
			name = Products;
			sourceTree = "<group>";
		};
		9C0F27A0231A786400568913 /* VCShow */ = {
			isa = PBXGroup;
			children = (
				9C0F27A1231A786400568913 /* AppDelegate.swift */,
				9C0F27A3231A786400568913 /* SceneDelegate.swift */,
				9C0F27D1231A789200568913 /* Views */,
				9C0F27D2231A789D00568913 /* Model */,
				9C0F27A7231A786500568913 /* Assets.xcassets */,
				9C0F27AC231A786500568913 /* LaunchScreen.storyboard */,
				9C0F27AF231A786500568913 /* Info.plist */,
				9C0F27A9231A786500568913 /* Preview Content */,
			);
			path = VCShow;
			sourceTree = "<group>";
		};
		9C0F27A9231A786500568913 /* Preview Content */ = {
			isa = PBXGroup;
			children = (
				9C0F27AA231A786500568913 /* Preview Assets.xcassets */,
			);
			path = "Preview Content";
			sourceTree = "<group>";
		};
		9C0F27B7231A786600568913 /* VCShowTests */ = {
			isa = PBXGroup;
			children = (
				9C0F27B8231A786600568913 /* VCShowTests.swift */,
				9C0F27BA231A786600568913 /* Info.plist */,
			);
			path = VCShowTests;
			sourceTree = "<group>";
		};
		9C0F27C2231A786600568913 /* VCShowUITests */ = {
			isa = PBXGroup;
			children = (
				9C0F27C3231A786600568913 /* VCShowUITests.swift */,
				9C0F27C5231A786600568913 /* Info.plist */,
			);
			path = VCShowUITests;
			sourceTree = "<group>";
		};
		9C0F27D1231A789200568913 /* Views */ = {
			isa = PBXGroup;
			children = (
				9C0F27A5231A786400568913 /* ContentView.swift */,
				9C0F27D7231A78CE00568913 /* SecondView.swift */,
				9C0F27D9231A78DA00568913 /* ChannelView.swift */,
			);
			path = Views;
			sourceTree = "<group>";
		};
		9C0F27D2231A789D00568913 /* Model */ = {
			isa = PBXGroup;
			children = (
				9C0F27D3231A78AE00568913 /* VideoIdea.swift */,
				9C0F27D5231A78BA00568913 /* ChannelData.swift */,
			);
			path = Model;
			sourceTree = "<group>";
		};
/* End PBXGroup section */

/* Begin PBXNativeTarget section */
		9C0F279D231A786400568913 /* VCShow */ = {
			isa = PBXNativeTarget;
			buildConfigurationList = 9C0F27C8231A786600568913 /* Build configuration list for PBXNativeTarget "VCShow" */;
			buildPhases = (
				9C0F279A231A786400568913 /* Sources */,
				9C0F279B231A786400568913 /* Frameworks */,
				9C0F279C231A786400568913 /* Resources */,
			);
			buildRules = (
			);
			dependencies = (
			);
			name = VCShow;
			productName = VCShow;
			productReference = 9C0F279E231A786400568913 /* VCShow.app */;
			productType = "com.apple.product-type.application";
		};
		9C0F27B3231A786600568913 /* VCShowTests */ = {
			isa = PBXNativeTarget;
			buildConfigurationList = 9C0F27CB231A786600568913 /* Build configuration list for PBXNativeTarget "VCShowTests" */;
			buildPhases = (
				9C0F27B0231A786600568913 /* Sources */,
				9C0F27B1231A786600568913 /* Frameworks */,
				9C0F27B2231A786600568913 /* Resources */,
			);
			buildRules = (
			);
			dependencies = (
				9C0F27B6231A786600568913 /* PBXTargetDependency */,
			);
			name = VCShowTests;
			productName = VCShowTests;
			productReference = 9C0F27B4231A786600568913 /* VCShowTests.xctest */;
			productType = "com.apple.product-type.bundle.unit-test";
		};
		9C0F27BE231A786600568913 /* VCShowUITests */ = {
			isa = PBXNativeTarget;
			buildConfigurationList = 9C0F27CE231A786600568913 /* Build configuration list for PBXNativeTarget "VCShowUITests" */;
			buildPhases = (
				9C0F27BB231A786600568913 /* Sources */,
				9C0F27BC231A786600568913 /* Frameworks */,
				9C0F27BD231A786600568913 /* Resources */,
			);
			buildRules = (
			);
			dependencies = (
				9C0F27C1231A786600568913 /* PBXTargetDependency */,
			);
			name = VCShowUITests;
			productName = VCShowUITests;
			productReference = 9C0F27BF231A786600568913 /* VCShowUITests.xctest */;
			productType = "com.apple.product-type.bundle.ui-testing";
		};
/* End PBXNativeTarget section */

/* Begin PBXProject section */
		9C0F2796231A786400568913 /* Project object */ = {
			isa = PBXProject;
			attributes = {
				LastSwiftUpdateCheck = 1100;
				LastUpgradeCheck = 1100;
				ORGANIZATIONNAME = "Saul Moreno Abril";
				TargetAttributes = {
					9C0F279D231A786400568913 = {
						CreatedOnToolsVersion = 11.0;
					};
					9C0F27B3231A786600568913 = {
						CreatedOnToolsVersion = 11.0;
						TestTargetID = 9C0F279D231A786400568913;
					};
					9C0F27BE231A786600568913 = {
						CreatedOnToolsVersion = 11.0;
						TestTargetID = 9C0F279D231A786400568913;
					};
				};
			};
			buildConfigurationList = 9C0F2799231A786400568913 /* Build configuration list for PBXProject "VCShow" */;
			compatibilityVersion = "Xcode 9.3";
			developmentRegion = en;
			hasScannedForEncodings = 0;
			knownRegions = (
				en,
				Base,
			);
			mainGroup = 9C0F2795231A786400568913;
			productRefGroup = 9C0F279F231A786400568913 /* Products */;
			projectDirPath = "";
			projectRoot = "";
			targets = (
				9C0F279D231A786400568913 /* VCShow */,
				9C0F27B3231A786600568913 /* VCShowTests */,
				9C0F27BE231A786600568913 /* VCShowUITests */,
			);
		};
/* End PBXProject section */

/* Begin PBXResourcesBuildPhase section */
		9C0F279C231A786400568913 /* Resources */ = {
			isa = PBXResourcesBuildPhase;
			buildActionMask = 2147483647;
			files = (
				9C0F27AE231A786500568913 /* LaunchScreen.storyboard in Resources */,
				9C0F27AB231A786500568913 /* Preview Assets.xcassets in Resources */,
				9C0F27A8231A786500568913 /* Assets.xcassets in Resources */,
			);
			runOnlyForDeploymentPostprocessing = 0;
		};
		9C0F27B2231A786600568913 /* Resources */ = {
			isa = PBXResourcesBuildPhase;
			buildActionMask = 2147483647;
			files = (
			);
			runOnlyForDeploymentPostprocessing = 0;
		};
		9C0F27BD231A786600568913 /* Resources */ = {
			isa = PBXResourcesBuildPhase;
			buildActionMask = 2147483647;
			files = (
			);
			runOnlyForDeploymentPostprocessing = 0;
		};
/* End PBXResourcesBuildPhase section */

/* Begin PBXSourcesBuildPhase section */
		9C0F279A231A786400568913 /* Sources */ = {
			isa = PBXSourcesBuildPhase;
			buildActionMask = 2147483647;
			files = (
				9C0F27D8231A78CE00568913 /* SecondView.swift in Sources */,
				9C0F27D4231A78AE00568913 /* VideoIdea.swift in Sources */,
				9C0F27A2231A786400568913 /* AppDelegate.swift in Sources */,
				9C0F27A4231A786400568913 /* SceneDelegate.swift in Sources */,
				9C0F27D6231A78BA00568913 /* ChannelData.swift in Sources */,
				9C0F27DA231A78DA00568913 /* ChannelView.swift in Sources */,
				9C0F27A6231A786400568913 /* ContentView.swift in Sources */,
			);
			runOnlyForDeploymentPostprocessing = 0;
		};
		9C0F27B0231A786600568913 /* Sources */ = {
			isa = PBXSourcesBuildPhase;
			buildActionMask = 2147483647;
			files = (
				9C0F27B9231A786600568913 /* VCShowTests.swift in Sources */,
			);
			runOnlyForDeploymentPostprocessing = 0;
		};
		9C0F27BB231A786600568913 /* Sources */ = {
			isa = PBXSourcesBuildPhase;
			buildActionMask = 2147483647;
			files = (
				9C0F27C4231A786600568913 /* VCShowUITests.swift in Sources */,
			);
			runOnlyForDeploymentPostprocessing = 0;
		};
/* End PBXSourcesBuildPhase section */

/* Begin PBXTargetDependency section */
		9C0F27B6231A786600568913 /* PBXTargetDependency */ = {
			isa = PBXTargetDependency;
			target = 9C0F279D231A786400568913 /* VCShow */;
			targetProxy = 9C0F27B5231A786600568913 /* PBXContainerItemProxy */;
		};
		9C0F27C1231A786600568913 /* PBXTargetDependency */ = {
			isa = PBXTargetDependency;
			target = 9C0F279D231A786400568913 /* VCShow */;
			targetProxy = 9C0F27C0231A786600568913 /* PBXContainerItemProxy */;
		};
/* End PBXTargetDependency section */

/* Begin PBXVariantGroup section */
		9C0F27AC231A786500568913 /* LaunchScreen.storyboard */ = {
			isa = PBXVariantGroup;
			children = (
				9C0F27AD231A786500568913 /* Base */,
			);
			name = LaunchScreen.storyboard;
			sourceTree = "<group>";
		};
/* End PBXVariantGroup section */

/* Begin XCBuildConfiguration section */
		9C0F27C6231A786600568913 /* Debug */ = {
			isa = XCBuildConfiguration;
			buildSettings = {
				ALWAYS_SEARCH_USER_PATHS = NO;
				CLANG_ANALYZER_NONNULL = YES;
				CLANG_ANALYZER_NUMBER_OBJECT_CONVERSION = YES_AGGRESSIVE;
				CLANG_CXX_LANGUAGE_STANDARD = "gnu++14";
				CLANG_CXX_LIBRARY = "libc++";
				CLANG_ENABLE_MODULES = YES;
				CLANG_ENABLE_OBJC_ARC = YES;
				CLANG_ENABLE_OBJC_WEAK = YES;
				CLANG_WARN_BLOCK_CAPTURE_AUTORELEASING = YES;
				CLANG_WARN_BOOL_CONVERSION = YES;
				CLANG_WARN_COMMA = YES;
				CLANG_WARN_CONSTANT_CONVERSION = YES;
				CLANG_WARN_DEPRECATED_OBJC_IMPLEMENTATIONS = YES;
				CLANG_WARN_DIRECT_OBJC_ISA_USAGE = YES_ERROR;
				CLANG_WARN_DOCUMENTATION_COMMENTS = YES;
				CLANG_WARN_EMPTY_BODY = YES;
				CLANG_WARN_ENUM_CONVERSION = YES;
				CLANG_WARN_INFINITE_RECURSION = YES;
				CLANG_WARN_INT_CONVERSION = YES;
				CLANG_WARN_NON_LITERAL_NULL_CONVERSION = YES;
				CLANG_WARN_OBJC_IMPLICIT_RETAIN_SELF = YES;
				CLANG_WARN_OBJC_LITERAL_CONVERSION = YES;
				CLANG_WARN_OBJC_ROOT_CLASS = YES_ERROR;
				CLANG_WARN_RANGE_LOOP_ANALYSIS = YES;
				CLANG_WARN_STRICT_PROTOTYPES = YES;
				CLANG_WARN_SUSPICIOUS_MOVE = YES;
				CLANG_WARN_UNGUARDED_AVAILABILITY = YES_AGGRESSIVE;
				CLANG_WARN_UNREACHABLE_CODE = YES;
				CLANG_WARN__DUPLICATE_METHOD_MATCH = YES;
				COPY_PHASE_STRIP = NO;
				DEBUG_INFORMATION_FORMAT = dwarf;
				ENABLE_STRICT_OBJC_MSGSEND = YES;
				ENABLE_TESTABILITY = YES;
				GCC_C_LANGUAGE_STANDARD = gnu11;
				GCC_DYNAMIC_NO_PIC = NO;
				GCC_NO_COMMON_BLOCKS = YES;
				GCC_OPTIMIZATION_LEVEL = 0;
				GCC_PREPROCESSOR_DEFINITIONS = (
					"DEBUG=1",
					"$(inherited)",
				);
				GCC_WARN_64_TO_32_BIT_CONVERSION = YES;
				GCC_WARN_ABOUT_RETURN_TYPE = YES_ERROR;
				GCC_WARN_UNDECLARED_SELECTOR = YES;
				GCC_WARN_UNINITIALIZED_AUTOS = YES_AGGRESSIVE;
				GCC_WARN_UNUSED_FUNCTION = YES;
				GCC_WARN_UNUSED_VARIABLE = YES;
				IPHONEOS_DEPLOYMENT_TARGET = 13.0;
				MTL_ENABLE_DEBUG_INFO = INCLUDE_SOURCE;
				MTL_FAST_MATH = YES;
				ONLY_ACTIVE_ARCH = YES;
				SDKROOT = iphoneos;
				SWIFT_ACTIVE_COMPILATION_CONDITIONS = DEBUG;
				SWIFT_OPTIMIZATION_LEVEL = "-Onone";
			};
			name = Debug;
		};
		9C0F27C7231A786600568913 /* Release */ = {
			isa = XCBuildConfiguration;
			buildSettings = {
				ALWAYS_SEARCH_USER_PATHS = NO;
				CLANG_ANALYZER_NONNULL = YES;
				CLANG_ANALYZER_NUMBER_OBJECT_CONVERSION = YES_AGGRESSIVE;
				CLANG_CXX_LANGUAGE_STANDARD = "gnu++14";
				CLANG_CXX_LIBRARY = "libc++";
				CLANG_ENABLE_MODULES = YES;
				CLANG_ENABLE_OBJC_ARC = YES;
				CLANG_ENABLE_OBJC_WEAK = YES;
				CLANG_WARN_BLOCK_CAPTURE_AUTORELEASING = YES;
				CLANG_WARN_BOOL_CONVERSION = YES;
				CLANG_WARN_COMMA = YES;
				CLANG_WARN_CONSTANT_CONVERSION = YES;
				CLANG_WARN_DEPRECATED_OBJC_IMPLEMENTATIONS = YES;
				CLANG_WARN_DIRECT_OBJC_ISA_USAGE = YES_ERROR;
				CLANG_WARN_DOCUMENTATION_COMMENTS = YES;
				CLANG_WARN_EMPTY_BODY = YES;
				CLANG_WARN_ENUM_CONVERSION = YES;
				CLANG_WARN_INFINITE_RECURSION = YES;
				CLANG_WARN_INT_CONVERSION = YES;
				CLANG_WARN_NON_LITERAL_NULL_CONVERSION = YES;
				CLANG_WARN_OBJC_IMPLICIT_RETAIN_SELF = YES;
				CLANG_WARN_OBJC_LITERAL_CONVERSION = YES;
				CLANG_WARN_OBJC_ROOT_CLASS = YES_ERROR;
				CLANG_WARN_RANGE_LOOP_ANALYSIS = YES;
				CLANG_WARN_STRICT_PROTOTYPES = YES;
				CLANG_WARN_SUSPICIOUS_MOVE = YES;
				CLANG_WARN_UNGUARDED_AVAILABILITY = YES_AGGRESSIVE;
				CLANG_WARN_UNREACHABLE_CODE = YES;
				CLANG_WARN__DUPLICATE_METHOD_MATCH = YES;
				COPY_PHASE_STRIP = NO;
				DEBUG_INFORMATION_FORMAT = "dwarf-with-dsym";
				ENABLE_NS_ASSERTIONS = NO;
				ENABLE_STRICT_OBJC_MSGSEND = YES;
				GCC_C_LANGUAGE_STANDARD = gnu11;
				GCC_NO_COMMON_BLOCKS = YES;
				GCC_WARN_64_TO_32_BIT_CONVERSION = YES;
				GCC_WARN_ABOUT_RETURN_TYPE = YES_ERROR;
				GCC_WARN_UNDECLARED_SELECTOR = YES;
				GCC_WARN_UNINITIALIZED_AUTOS = YES_AGGRESSIVE;
				GCC_WARN_UNUSED_FUNCTION = YES;
				GCC_WARN_UNUSED_VARIABLE = YES;
				IPHONEOS_DEPLOYMENT_TARGET = 13.0;
				MTL_ENABLE_DEBUG_INFO = NO;
				MTL_FAST_MATH = YES;
				SDKROOT = iphoneos;
				SWIFT_COMPILATION_MODE = wholemodule;
				SWIFT_OPTIMIZATION_LEVEL = "-O";
				VALIDATE_PRODUCT = YES;
			};
			name = Release;
		};
		9C0F27C9231A786600568913 /* Debug */ = {
			isa = XCBuildConfiguration;
			buildSettings = {
				ASSETCATALOG_COMPILER_APPICON_NAME = AppIcon;
				CODE_SIGN_STYLE = Automatic;
				DEVELOPMENT_ASSET_PATHS = "\"VCShow/Preview Content\"";
				DEVELOPMENT_TEAM = U96GUE2A6L;
				ENABLE_PREVIEWS = YES;
				INFOPLIST_FILE = VCShow/Info.plist;
				LD_RUNPATH_SEARCH_PATHS = (
					"$(inherited)",
					"@executable_path/Frameworks",
				);
				PRODUCT_BUNDLE_IDENTIFIER = com.saulmorenoabril.VCShow;
				PRODUCT_NAME = "$(TARGET_NAME)";
				SWIFT_VERSION = 5.0;
				TARGETED_DEVICE_FAMILY = "1,2";
			};
			name = Debug;
		};
		9C0F27CA231A786600568913 /* Release */ = {
			isa = XCBuildConfiguration;
			buildSettings = {
				ASSETCATALOG_COMPILER_APPICON_NAME = AppIcon;
				CODE_SIGN_STYLE = Automatic;
				DEVELOPMENT_ASSET_PATHS = "\"VCShow/Preview Content\"";
				DEVELOPMENT_TEAM = U96GUE2A6L;
				ENABLE_PREVIEWS = YES;
				INFOPLIST_FILE = VCShow/Info.plist;
				LD_RUNPATH_SEARCH_PATHS = (
					"$(inherited)",
					"@executable_path/Frameworks",
				);
				PRODUCT_BUNDLE_IDENTIFIER = com.saulmorenoabril.VCShow;
				PRODUCT_NAME = "$(TARGET_NAME)";
				SWIFT_VERSION = 5.0;
				TARGETED_DEVICE_FAMILY = "1,2";
			};
			name = Release;
		};
		9C0F27CC231A786600568913 /* Debug */ = {
			isa = XCBuildConfiguration;
			buildSettings = {
				ALWAYS_EMBED_SWIFT_STANDARD_LIBRARIES = YES;
				BUNDLE_LOADER = "$(TEST_HOST)";
				CODE_SIGN_STYLE = Automatic;
				DEVELOPMENT_TEAM = U96GUE2A6L;
				INFOPLIST_FILE = VCShowTests/Info.plist;
				IPHONEOS_DEPLOYMENT_TARGET = 13.0;
				LD_RUNPATH_SEARCH_PATHS = (
					"$(inherited)",
					"@executable_path/Frameworks",
					"@loader_path/Frameworks",
				);
				PRODUCT_BUNDLE_IDENTIFIER = com.saulmorenoabril.VCShowTests;
				PRODUCT_NAME = "$(TARGET_NAME)";
				SWIFT_VERSION = 5.0;
				TARGETED_DEVICE_FAMILY = "1,2";
				TEST_HOST = "$(BUILT_PRODUCTS_DIR)/VCShow.app/VCShow";
			};
			name = Debug;
		};
		9C0F27CD231A786600568913 /* Release */ = {
			isa = XCBuildConfiguration;
			buildSettings = {
				ALWAYS_EMBED_SWIFT_STANDARD_LIBRARIES = YES;
				BUNDLE_LOADER = "$(TEST_HOST)";
				CODE_SIGN_STYLE = Automatic;
				DEVELOPMENT_TEAM = U96GUE2A6L;
				INFOPLIST_FILE = VCShowTests/Info.plist;
				IPHONEOS_DEPLOYMENT_TARGET = 13.0;
				LD_RUNPATH_SEARCH_PATHS = (
					"$(inherited)",
					"@executable_path/Frameworks",
					"@loader_path/Frameworks",
				);
				PRODUCT_BUNDLE_IDENTIFIER = com.saulmorenoabril.VCShowTests;
				PRODUCT_NAME = "$(TARGET_NAME)";
				SWIFT_VERSION = 5.0;
				TARGETED_DEVICE_FAMILY = "1,2";
				TEST_HOST = "$(BUILT_PRODUCTS_DIR)/VCShow.app/VCShow";
			};
			name = Release;
		};
		9C0F27CF231A786600568913 /* Debug */ = {
			isa = XCBuildConfiguration;
			buildSettings = {
				ALWAYS_EMBED_SWIFT_STANDARD_LIBRARIES = YES;
				CODE_SIGN_STYLE = Automatic;
				DEVELOPMENT_TEAM = U96GUE2A6L;
				INFOPLIST_FILE = VCShowUITests/Info.plist;
				LD_RUNPATH_SEARCH_PATHS = (
					"$(inherited)",
					"@executable_path/Frameworks",
					"@loader_path/Frameworks",
				);
				PRODUCT_BUNDLE_IDENTIFIER = com.saulmorenoabril.VCShowUITests;
				PRODUCT_NAME = "$(TARGET_NAME)";
				SWIFT_VERSION = 5.0;
				TARGETED_DEVICE_FAMILY = "1,2";
				TEST_TARGET_NAME = VCShow;
			};
			name = Debug;
		};
		9C0F27D0231A786600568913 /* Release */ = {
			isa = XCBuildConfiguration;
			buildSettings = {
				ALWAYS_EMBED_SWIFT_STANDARD_LIBRARIES = YES;
				CODE_SIGN_STYLE = Automatic;
				DEVELOPMENT_TEAM = U96GUE2A6L;
				INFOPLIST_FILE = VCShowUITests/Info.plist;
				LD_RUNPATH_SEARCH_PATHS = (
					"$(inherited)",
					"@executable_path/Frameworks",
					"@loader_path/Frameworks",
				);
				PRODUCT_BUNDLE_IDENTIFIER = com.saulmorenoabril.VCShowUITests;
				PRODUCT_NAME = "$(TARGET_NAME)";
				SWIFT_VERSION = 5.0;
				TARGETED_DEVICE_FAMILY = "1,2";
				TEST_TARGET_NAME = VCShow;
			};
			name = Release;
		};
/* End XCBuildConfiguration section */

/* Begin XCConfigurationList section */
		9C0F2799231A786400568913 /* Build configuration list for PBXProject "VCShow" */ = {
			isa = XCConfigurationList;
			buildConfigurations = (
				9C0F27C6231A786600568913 /* Debug */,
				9C0F27C7231A786600568913 /* Release */,
			);
			defaultConfigurationIsVisible = 0;
			defaultConfigurationName = Release;
		};
		9C0F27C8231A786600568913 /* Build configuration list for PBXNativeTarget "VCShow" */ = {
			isa = XCConfigurationList;
			buildConfigurations = (
				9C0F27C9231A786600568913 /* Debug */,
				9C0F27CA231A786600568913 /* Release */,
			);
			defaultConfigurationIsVisible = 0;
			defaultConfigurationName = Release;
		};
		9C0F27CB231A786600568913 /* Build configuration list for PBXNativeTarget "VCShowTests" */ = {
			isa = XCConfigurationList;
			buildConfigurations = (
				9C0F27CC231A786600568913 /* Debug */,
				9C0F27CD231A786600568913 /* Release */,
			);
			defaultConfigurationIsVisible = 0;
			defaultConfigurationName = Release;
		};
		9C0F27CE231A786600568913 /* Build configuration list for PBXNativeTarget "VCShowUITests" */ = {
			isa = XCConfigurationList;
			buildConfigurations = (
				9C0F27CF231A786600568913 /* Debug */,
				9C0F27D0231A786600568913 /* Release */,
			);
			defaultConfigurationIsVisible = 0;
			defaultConfigurationName = Release;
		};
/* End XCConfigurationList section */
	};
	rootObject = 9C0F2796231A786400568913 /* Project object */;
}
