// !$*UTF8*$!
{
	archiveVersion = 1;
	classes = {
	};
	objectVersion = 50;
	objects = {

/* Begin PBXBuildFile section */
		42450FDA22AEB9E500DD40D0 /* Badge.swift in Sources */ = {isa = PBXBuildFile; fileRef = 42450FD922AEB9E500DD40D0 /* Badge.swift */; };
		42450FDC22AEBA0B00DD40D0 /* HexagonParameters.swift in Sources */ = {isa = PBXBuildFile; fileRef = 42450FDB22AEBA0B00DD40D0 /* HexagonParameters.swift */; };
		42450FDE22AEBBF600DD40D0 /* BadgeBackground.swift in Sources */ = {isa = PBXBuildFile; fileRef = 42450FDD22AEBBF600DD40D0 /* BadgeBackground.swift */; };
		42450FE022AEBC5C00DD40D0 /* BadgeSymbol.swift in Sources */ = {isa = PBXBuildFile; fileRef = 42450FDF22AEBC5C00DD40D0 /* BadgeSymbol.swift */; };
		42450FE222AEBCCE00DD40D0 /* RotatedBadgeSymbol.swift in Sources */ = {isa = PBXBuildFile; fileRef = 42450FE122AEBCCE00DD40D0 /* RotatedBadgeSymbol.swift */; };
		42450FE822AEBF8000DD40D0 /* HikeView.swift in Sources */ = {isa = PBXBuildFile; fileRef = 42450FE522AEBF8000DD40D0 /* HikeView.swift */; };
		42450FE922AEBF8000DD40D0 /* Hike.swift in Sources */ = {isa = PBXBuildFile; fileRef = 42450FE622AEBF8000DD40D0 /* Hike.swift */; };
		42450FEA22AEBF8000DD40D0 /* HikeDetail.swift in Sources */ = {isa = PBXBuildFile; fileRef = 42450FE722AEBF8000DD40D0 /* HikeDetail.swift */; };
		42450FEC22AEBFEA00DD40D0 /* HikeGraph.swift in Sources */ = {isa = PBXBuildFile; fileRef = 42450FEB22AEBFEA00DD40D0 /* HikeGraph.swift */; };
		42450FEE22AEC00400DD40D0 /* GraphCapsule.swift in Sources */ = {isa = PBXBuildFile; fileRef = 42450FED22AEC00400DD40D0 /* GraphCapsule.swift */; };
		42450FF022AEC06600DD40D0 /* hikeData.json in Resources */ = {isa = PBXBuildFile; fileRef = 42450FEF22AEC06600DD40D0 /* hikeData.json */; };
		4284496922A8520B005B62A5 /* AppDelegate.swift in Sources */ = {isa = PBXBuildFile; fileRef = 4284496822A8520B005B62A5 /* AppDelegate.swift */; };
		4284496B22A8520B005B62A5 /* SceneDelegate.swift in Sources */ = {isa = PBXBuildFile; fileRef = 4284496A22A8520B005B62A5 /* SceneDelegate.swift */; };
		4284496F22A8520C005B62A5 /* Assets.xcassets in Resources */ = {isa = PBXBuildFile; fileRef = 4284496E22A8520C005B62A5 /* Assets.xcassets */; };
		4284497222A8520C005B62A5 /* Preview Assets.xcassets in Resources */ = {isa = PBXBuildFile; fileRef = 4284497122A8520C005B62A5 /* Preview Assets.xcassets */; };
		4284497522A8520C005B62A5 /* LaunchScreen.storyboard in Resources */ = {isa = PBXBuildFile; fileRef = 4284497322A8520C005B62A5 /* LaunchScreen.storyboard */; };
		4284498022A8520C005B62A5 /* LandmarksTests.swift in Sources */ = {isa = PBXBuildFile; fileRef = 4284497F22A8520C005B62A5 /* LandmarksTests.swift */; };
		4284498B22A8520C005B62A5 /* LandmarksUITests.swift in Sources */ = {isa = PBXBuildFile; fileRef = 4284498A22A8520C005B62A5 /* LandmarksUITests.swift */; };
		4284499922A8541D005B62A5 /* CircleImage.swift in Sources */ = {isa = PBXBuildFile; fileRef = 4284499822A8541D005B62A5 /* CircleImage.swift */; };
		4284499B22A854AE005B62A5 /* MapView.swift in Sources */ = {isa = PBXBuildFile; fileRef = 4284499A22A854AE005B62A5 /* MapView.swift */; };
		4284499F22A97E2E005B62A5 /* Landmark.swift in Sources */ = {isa = PBXBuildFile; fileRef = 4284499E22A97E2E005B62A5 /* Landmark.swift */; };
		428449A122A97EA4005B62A5 /* Data.swift in Sources */ = {isa = PBXBuildFile; fileRef = 428449A022A97EA4005B62A5 /* Data.swift */; };
		428449BF22A97F59005B62A5 /* LandmarkRow.swift in Sources */ = {isa = PBXBuildFile; fileRef = 428449BE22A97F59005B62A5 /* LandmarkRow.swift */; };
		428449C122A9803A005B62A5 /* LandmarkList.swift in Sources */ = {isa = PBXBuildFile; fileRef = 428449C022A9803A005B62A5 /* LandmarkList.swift */; };
		428449C222A9848C005B62A5 /* LandmarkDetail.swift in Sources */ = {isa = PBXBuildFile; fileRef = 4284496C22A8520B005B62A5 /* LandmarkDetail.swift */; };
		428449D022A98CE6005B62A5 /* lakemcdonald.jpg in Resources */ = {isa = PBXBuildFile; fileRef = 428449C322A98CE4005B62A5 /* lakemcdonald.jpg */; };
		428449D122A98CE6005B62A5 /* turtlerock.jpg in Resources */ = {isa = PBXBuildFile; fileRef = 428449C422A98CE5005B62A5 /* turtlerock.jpg */; };
		428449D222A98CE6005B62A5 /* umbagog.jpg in Resources */ = {isa = PBXBuildFile; fileRef = 428449C522A98CE5005B62A5 /* umbagog.jpg */; };
		428449D322A98CE6005B62A5 /* rainbowlake.jpg in Resources */ = {isa = PBXBuildFile; fileRef = 428449C622A98CE5005B62A5 /* rainbowlake.jpg */; };
		428449D422A98CE6005B62A5 /* hiddenlake.jpg in Resources */ = {isa = PBXBuildFile; fileRef = 428449C722A98CE5005B62A5 /* hiddenlake.jpg */; };
		428449D522A98CE6005B62A5 /* twinlake.jpg in Resources */ = {isa = PBXBuildFile; fileRef = 428449C822A98CE5005B62A5 /* twinlake.jpg */; };
		428449D622A98CE6005B62A5 /* chilkoottrail.jpg in Resources */ = {isa = PBXBuildFile; fileRef = 428449C922A98CE5005B62A5 /* chilkoottrail.jpg */; };
		428449D722A98CE6005B62A5 /* charleyrivers.jpg in Resources */ = {isa = PBXBuildFile; fileRef = 428449CA22A98CE5005B62A5 /* charleyrivers.jpg */; };
		428449D822A98CE6005B62A5 /* landmarkData.json in Resources */ = {isa = PBXBuildFile; fileRef = 428449CB22A98CE5005B62A5 /* landmarkData.json */; };
		428449D922A98CE6005B62A5 /* silversalmoncreek.jpg in Resources */ = {isa = PBXBuildFile; fileRef = 428449CC22A98CE5005B62A5 /* silversalmoncreek.jpg */; };
		428449DA22A98CE6005B62A5 /* icybay.jpg in Resources */ = {isa = PBXBuildFile; fileRef = 428449CD22A98CE6005B62A5 /* icybay.jpg */; };
		428449DB22A98CE6005B62A5 /* chincoteague.jpg in Resources */ = {isa = PBXBuildFile; fileRef = 428449CE22A98CE6005B62A5 /* chincoteague.jpg */; };
		428449DC22A98CE6005B62A5 /* stmarylake.jpg in Resources */ = {isa = PBXBuildFile; fileRef = 428449CF22A98CE6005B62A5 /* stmarylake.jpg */; };
		428449DE22A98F7D005B62A5 /* UserData.swift in Sources */ = {isa = PBXBuildFile; fileRef = 428449DD22A98F7D005B62A5 /* UserData.swift */; };
/* End PBXBuildFile section */

/* Begin PBXContainerItemProxy section */
		4284497C22A8520C005B62A5 /* PBXContainerItemProxy */ = {
			isa = PBXContainerItemProxy;
			containerPortal = 4284495D22A8520B005B62A5 /* Project object */;
			proxyType = 1;
			remoteGlobalIDString = 4284496422A8520B005B62A5;
			remoteInfo = Landmarks;
		};
		4284498722A8520C005B62A5 /* PBXContainerItemProxy */ = {
			isa = PBXContainerItemProxy;
			containerPortal = 4284495D22A8520B005B62A5 /* Project object */;
			proxyType = 1;
			remoteGlobalIDString = 4284496422A8520B005B62A5;
			remoteInfo = Landmarks;
		};
/* End PBXContainerItemProxy section */

/* Begin PBXFileReference section */
		42450FD922AEB9E500DD40D0 /* Badge.swift */ = {isa = PBXFileReference; lastKnownFileType = sourcecode.swift; path = Badge.swift; sourceTree = "<group>"; };
		42450FDB22AEBA0B00DD40D0 /* HexagonParameters.swift */ = {isa = PBXFileReference; lastKnownFileType = sourcecode.swift; path = HexagonParameters.swift; sourceTree = "<group>"; };
		42450FDD22AEBBF600DD40D0 /* BadgeBackground.swift */ = {isa = PBXFileReference; lastKnownFileType = sourcecode.swift; path = BadgeBackground.swift; sourceTree = "<group>"; };
		42450FDF22AEBC5C00DD40D0 /* BadgeSymbol.swift */ = {isa = PBXFileReference; lastKnownFileType = sourcecode.swift; path = BadgeSymbol.swift; sourceTree = "<group>"; };
		42450FE122AEBCCE00DD40D0 /* RotatedBadgeSymbol.swift */ = {isa = PBXFileReference; lastKnownFileType = sourcecode.swift; path = RotatedBadgeSymbol.swift; sourceTree = "<group>"; };
		42450FE522AEBF8000DD40D0 /* HikeView.swift */ = {isa = PBXFileReference; fileEncoding = 4; lastKnownFileType = sourcecode.swift; path = HikeView.swift; sourceTree = "<group>"; };
		42450FE622AEBF8000DD40D0 /* Hike.swift */ = {isa = PBXFileReference; fileEncoding = 4; lastKnownFileType = sourcecode.swift; path = Hike.swift; sourceTree = "<group>"; };
		42450FE722AEBF8000DD40D0 /* HikeDetail.swift */ = {isa = PBXFileReference; fileEncoding = 4; lastKnownFileType = sourcecode.swift; path = HikeDetail.swift; sourceTree = "<group>"; };
		42450FEB22AEBFEA00DD40D0 /* HikeGraph.swift */ = {isa = PBXFileReference; fileEncoding = 4; lastKnownFileType = sourcecode.swift; path = HikeGraph.swift; sourceTree = "<group>"; };
		42450FED22AEC00400DD40D0 /* GraphCapsule.swift */ = {isa = PBXFileReference; fileEncoding = 4; lastKnownFileType = sourcecode.swift; path = GraphCapsule.swift; sourceTree = "<group>"; };
		42450FEF22AEC06600DD40D0 /* hikeData.json */ = {isa = PBXFileReference; fileEncoding = 4; lastKnownFileType = text.json; path = hikeData.json; sourceTree = "<group>"; };
		4284496522A8520B005B62A5 /* Landmarks.app */ = {isa = PBXFileReference; explicitFileType = wrapper.application; includeInIndex = 0; path = Landmarks.app; sourceTree = BUILT_PRODUCTS_DIR; };
		4284496822A8520B005B62A5 /* AppDelegate.swift */ = {isa = PBXFileReference; lastKnownFileType = sourcecode.swift; path = AppDelegate.swift; sourceTree = "<group>"; };
		4284496A22A8520B005B62A5 /* SceneDelegate.swift */ = {isa = PBXFileReference; lastKnownFileType = sourcecode.swift; path = SceneDelegate.swift; sourceTree = "<group>"; };
		4284496C22A8520B005B62A5 /* LandmarkDetail.swift */ = {isa = PBXFileReference; lastKnownFileType = sourcecode.swift; path = LandmarkDetail.swift; sourceTree = "<group>"; };
		4284496E22A8520C005B62A5 /* Assets.xcassets */ = {isa = PBXFileReference; lastKnownFileType = folder.assetcatalog; path = Assets.xcassets; sourceTree = "<group>"; };
		4284497122A8520C005B62A5 /* Preview Assets.xcassets */ = {isa = PBXFileReference; lastKnownFileType = folder.assetcatalog; path = "Preview Assets.xcassets"; sourceTree = "<group>"; };
		4284497422A8520C005B62A5 /* Base */ = {isa = PBXFileReference; lastKnownFileType = file.storyboard; name = Base; path = Base.lproj/LaunchScreen.storyboard; sourceTree = "<group>"; };
		4284497622A8520C005B62A5 /* Info.plist */ = {isa = PBXFileReference; lastKnownFileType = text.plist.xml; path = Info.plist; sourceTree = "<group>"; };
		4284497B22A8520C005B62A5 /* LandmarksTests.xctest */ = {isa = PBXFileReference; explicitFileType = wrapper.cfbundle; includeInIndex = 0; path = LandmarksTests.xctest; sourceTree = BUILT_PRODUCTS_DIR; };
		4284497F22A8520C005B62A5 /* LandmarksTests.swift */ = {isa = PBXFileReference; lastKnownFileType = sourcecode.swift; path = LandmarksTests.swift; sourceTree = "<group>"; };
		4284498122A8520C005B62A5 /* Info.plist */ = {isa = PBXFileReference; lastKnownFileType = text.plist.xml; path = Info.plist; sourceTree = "<group>"; };
		4284498622A8520C005B62A5 /* LandmarksUITests.xctest */ = {isa = PBXFileReference; explicitFileType = wrapper.cfbundle; includeInIndex = 0; path = LandmarksUITests.xctest; sourceTree = BUILT_PRODUCTS_DIR; };
		4284498A22A8520C005B62A5 /* LandmarksUITests.swift */ = {isa = PBXFileReference; lastKnownFileType = sourcecode.swift; path = LandmarksUITests.swift; sourceTree = "<group>"; };
		4284498C22A8520C005B62A5 /* Info.plist */ = {isa = PBXFileReference; lastKnownFileType = text.plist.xml; path = Info.plist; sourceTree = "<group>"; };
		4284499822A8541D005B62A5 /* CircleImage.swift */ = {isa = PBXFileReference; lastKnownFileType = sourcecode.swift; path = CircleImage.swift; sourceTree = "<group>"; };
		4284499A22A854AE005B62A5 /* MapView.swift */ = {isa = PBXFileReference; lastKnownFileType = sourcecode.swift; path = MapView.swift; sourceTree = "<group>"; };
		4284499E22A97E2E005B62A5 /* Landmark.swift */ = {isa = PBXFileReference; lastKnownFileType = sourcecode.swift; path = Landmark.swift; sourceTree = "<group>"; };
		428449A022A97EA4005B62A5 /* Data.swift */ = {isa = PBXFileReference; lastKnownFileType = sourcecode.swift; path = Data.swift; sourceTree = "<group>"; };
		428449BE22A97F59005B62A5 /* LandmarkRow.swift */ = {isa = PBXFileReference; lastKnownFileType = sourcecode.swift; path = LandmarkRow.swift; sourceTree = "<group>"; };
		428449C022A9803A005B62A5 /* LandmarkList.swift */ = {isa = PBXFileReference; lastKnownFileType = sourcecode.swift; path = LandmarkList.swift; sourceTree = "<group>"; };
		428449C322A98CE4005B62A5 /* lakemcdonald.jpg */ = {isa = PBXFileReference; lastKnownFileType = image.jpeg; path = lakemcdonald.jpg; sourceTree = "<group>"; };
		428449C422A98CE5005B62A5 /* turtlerock.jpg */ = {isa = PBXFileReference; lastKnownFileType = image.jpeg; path = turtlerock.jpg; sourceTree = "<group>"; };
		428449C522A98CE5005B62A5 /* umbagog.jpg */ = {isa = PBXFileReference; lastKnownFileType = image.jpeg; path = umbagog.jpg; sourceTree = "<group>"; };
		428449C622A98CE5005B62A5 /* rainbowlake.jpg */ = {isa = PBXFileReference; lastKnownFileType = image.jpeg; path = rainbowlake.jpg; sourceTree = "<group>"; };
		428449C722A98CE5005B62A5 /* hiddenlake.jpg */ = {isa = PBXFileReference; lastKnownFileType = image.jpeg; path = hiddenlake.jpg; sourceTree = "<group>"; };
		428449C822A98CE5005B62A5 /* twinlake.jpg */ = {isa = PBXFileReference; lastKnownFileType = image.jpeg; path = twinlake.jpg; sourceTree = "<group>"; };
		428449C922A98CE5005B62A5 /* chilkoottrail.jpg */ = {isa = PBXFileReference; lastKnownFileType = image.jpeg; path = chilkoottrail.jpg; sourceTree = "<group>"; };
		428449CA22A98CE5005B62A5 /* charleyrivers.jpg */ = {isa = PBXFileReference; lastKnownFileType = image.jpeg; path = charleyrivers.jpg; sourceTree = "<group>"; };
		428449CB22A98CE5005B62A5 /* landmarkData.json */ = {isa = PBXFileReference; fileEncoding = 4; lastKnownFileType = text.json; path = landmarkData.json; sourceTree = "<group>"; };
		428449CC22A98CE5005B62A5 /* silversalmoncreek.jpg */ = {isa = PBXFileReference; lastKnownFileType = image.jpeg; path = silversalmoncreek.jpg; sourceTree = "<group>"; };
		428449CD22A98CE6005B62A5 /* icybay.jpg */ = {isa = PBXFileReference; lastKnownFileType = image.jpeg; path = icybay.jpg; sourceTree = "<group>"; };
		428449CE22A98CE6005B62A5 /* chincoteague.jpg */ = {isa = PBXFileReference; lastKnownFileType = image.jpeg; path = chincoteague.jpg; sourceTree = "<group>"; };
		428449CF22A98CE6005B62A5 /* stmarylake.jpg */ = {isa = PBXFileReference; lastKnownFileType = image.jpeg; path = stmarylake.jpg; sourceTree = "<group>"; };
		428449DD22A98F7D005B62A5 /* UserData.swift */ = {isa = PBXFileReference; lastKnownFileType = sourcecode.swift; path = UserData.swift; sourceTree = "<group>"; };
/* End PBXFileReference section */

/* Begin PBXFrameworksBuildPhase section */
		4284496222A8520B005B62A5 /* Frameworks */ = {
			isa = PBXFrameworksBuildPhase;
			buildActionMask = 2147483647;
			files = (
			);
			runOnlyForDeploymentPostprocessing = 0;
		};
		4284497822A8520C005B62A5 /* Frameworks */ = {
			isa = PBXFrameworksBuildPhase;
			buildActionMask = 2147483647;
			files = (
			);
			runOnlyForDeploymentPostprocessing = 0;
		};
		4284498322A8520C005B62A5 /* Frameworks */ = {
			isa = PBXFrameworksBuildPhase;
			buildActionMask = 2147483647;
			files = (
			);
			runOnlyForDeploymentPostprocessing = 0;
		};
/* End PBXFrameworksBuildPhase section */

/* Begin PBXGroup section */
		42450FE322AEBE7700DD40D0 /* Drawing */ = {
			isa = PBXGroup;
			children = (
				42450FD922AEB9E500DD40D0 /* Badge.swift */,
				42450FDB22AEBA0B00DD40D0 /* HexagonParameters.swift */,
				42450FDD22AEBBF600DD40D0 /* BadgeBackground.swift */,
				42450FDF22AEBC5C00DD40D0 /* BadgeSymbol.swift */,
				42450FE122AEBCCE00DD40D0 /* RotatedBadgeSymbol.swift */,
			);
			path = Drawing;
			sourceTree = "<group>";
		};
		42450FE422AEBF5A00DD40D0 /* Animation */ = {
			isa = PBXGroup;
			children = (
				42450FE722AEBF8000DD40D0 /* HikeDetail.swift */,
				42450FE522AEBF8000DD40D0 /* HikeView.swift */,
			);
			path = Animation;
			sourceTree = "<group>";
		};
		4284495C22A8520B005B62A5 = {
			isa = PBXGroup;
			children = (
				4284496722A8520B005B62A5 /* Landmarks */,
				4284497E22A8520C005B62A5 /* LandmarksTests */,
				4284498922A8520C005B62A5 /* LandmarksUITests */,
				4284496622A8520B005B62A5 /* Products */,
			);
			sourceTree = "<group>";
		};
		4284496622A8520B005B62A5 /* Products */ = {
			isa = PBXGroup;
			children = (
				4284496522A8520B005B62A5 /* Landmarks.app */,
				4284497B22A8520C005B62A5 /* LandmarksTests.xctest */,
				4284498622A8520C005B62A5 /* LandmarksUITests.xctest */,
			);
			name = Products;
			sourceTree = "<group>";
		};
		4284496722A8520B005B62A5 /* Landmarks */ = {
			isa = PBXGroup;
			children = (
				4284496822A8520B005B62A5 /* AppDelegate.swift */,
				4284496A22A8520B005B62A5 /* SceneDelegate.swift */,
				4284499D22A97E1A005B62A5 /* Models */,
				428449A222A97EE0005B62A5 /* Views */,
				42450FE322AEBE7700DD40D0 /* Drawing */,
				42450FE422AEBF5A00DD40D0 /* Animation */,
				4284499C22A85553005B62A5 /* Supporting Views */,
				428449A322A97EF7005B62A5 /* Resources */,
				4284496E22A8520C005B62A5 /* Assets.xcassets */,
				4284497322A8520C005B62A5 /* LaunchScreen.storyboard */,
				4284497622A8520C005B62A5 /* Info.plist */,
				4284497022A8520C005B62A5 /* Preview Content */,
			);
			path = Landmarks;
			sourceTree = "<group>";
		};
		4284497022A8520C005B62A5 /* Preview Content */ = {
			isa = PBXGroup;
			children = (
				4284497122A8520C005B62A5 /* Preview Assets.xcassets */,
			);
			path = "Preview Content";
			sourceTree = "<group>";
		};
		4284497E22A8520C005B62A5 /* LandmarksTests */ = {
			isa = PBXGroup;
			children = (
				4284497F22A8520C005B62A5 /* LandmarksTests.swift */,
				4284498122A8520C005B62A5 /* Info.plist */,
			);
			path = LandmarksTests;
			sourceTree = "<group>";
		};
		4284498922A8520C005B62A5 /* LandmarksUITests */ = {
			isa = PBXGroup;
			children = (
				4284498A22A8520C005B62A5 /* LandmarksUITests.swift */,
				4284498C22A8520C005B62A5 /* Info.plist */,
			);
			path = LandmarksUITests;
			sourceTree = "<group>";
		};
		4284499C22A85553005B62A5 /* Supporting Views */ = {
			isa = PBXGroup;
			children = (
				42450FED22AEC00400DD40D0 /* GraphCapsule.swift */,
				42450FEB22AEBFEA00DD40D0 /* HikeGraph.swift */,
				4284499822A8541D005B62A5 /* CircleImage.swift */,
				4284499A22A854AE005B62A5 /* MapView.swift */,
			);
			path = "Supporting Views";
			sourceTree = "<group>";
		};
		4284499D22A97E1A005B62A5 /* Models */ = {
			isa = PBXGroup;
			children = (
				4284499E22A97E2E005B62A5 /* Landmark.swift */,
				428449A022A97EA4005B62A5 /* Data.swift */,
				428449DD22A98F7D005B62A5 /* UserData.swift */,
				42450FE622AEBF8000DD40D0 /* Hike.swift */,
			);
			path = Models;
			sourceTree = "<group>";
		};
		428449A222A97EE0005B62A5 /* Views */ = {
			isa = PBXGroup;
			children = (
				428449BE22A97F59005B62A5 /* LandmarkRow.swift */,
				428449C022A9803A005B62A5 /* LandmarkList.swift */,
				4284496C22A8520B005B62A5 /* LandmarkDetail.swift */,
			);
			path = Views;
			sourceTree = "<group>";
		};
		428449A322A97EF7005B62A5 /* Resources */ = {
			isa = PBXGroup;
			children = (
				42450FEF22AEC06600DD40D0 /* hikeData.json */,
				428449CA22A98CE5005B62A5 /* charleyrivers.jpg */,
				428449C922A98CE5005B62A5 /* chilkoottrail.jpg */,
				428449CE22A98CE6005B62A5 /* chincoteague.jpg */,
				428449C722A98CE5005B62A5 /* hiddenlake.jpg */,
				428449CD22A98CE6005B62A5 /* icybay.jpg */,
				428449C322A98CE4005B62A5 /* lakemcdonald.jpg */,
				428449CB22A98CE5005B62A5 /* landmarkData.json */,
				428449C622A98CE5005B62A5 /* rainbowlake.jpg */,
				428449CC22A98CE5005B62A5 /* silversalmoncreek.jpg */,
				428449CF22A98CE6005B62A5 /* stmarylake.jpg */,
				428449C422A98CE5005B62A5 /* turtlerock.jpg */,
				428449C822A98CE5005B62A5 /* twinlake.jpg */,
				428449C522A98CE5005B62A5 /* umbagog.jpg */,
			);
			path = Resources;
			sourceTree = "<group>";
		};
/* End PBXGroup section */

/* Begin PBXNativeTarget section */
		4284496422A8520B005B62A5 /* Landmarks */ = {
			isa = PBXNativeTarget;
			buildConfigurationList = 4284498F22A8520C005B62A5 /* Build configuration list for PBXNativeTarget "Landmarks" */;
			buildPhases = (
				4284496122A8520B005B62A5 /* Sources */,
				4284496222A8520B005B62A5 /* Frameworks */,
				4284496322A8520B005B62A5 /* Resources */,
			);
			buildRules = (
			);
			dependencies = (
			);
			name = Landmarks;
			productName = Landmarks;
			productReference = 4284496522A8520B005B62A5 /* Landmarks.app */;
			productType = "com.apple.product-type.application";
		};
		4284497A22A8520C005B62A5 /* LandmarksTests */ = {
			isa = PBXNativeTarget;
			buildConfigurationList = 4284499222A8520C005B62A5 /* Build configuration list for PBXNativeTarget "LandmarksTests" */;
			buildPhases = (
				4284497722A8520C005B62A5 /* Sources */,
				4284497822A8520C005B62A5 /* Frameworks */,
				4284497922A8520C005B62A5 /* Resources */,
			);
			buildRules = (
			);
			dependencies = (
				4284497D22A8520C005B62A5 /* PBXTargetDependency */,
			);
			name = LandmarksTests;
			productName = LandmarksTests;
			productReference = 4284497B22A8520C005B62A5 /* LandmarksTests.xctest */;
			productType = "com.apple.product-type.bundle.unit-test";
		};
		4284498522A8520C005B62A5 /* LandmarksUITests */ = {
			isa = PBXNativeTarget;
			buildConfigurationList = 4284499522A8520C005B62A5 /* Build configuration list for PBXNativeTarget "LandmarksUITests" */;
			buildPhases = (
				4284498222A8520C005B62A5 /* Sources */,
				4284498322A8520C005B62A5 /* Frameworks */,
				4284498422A8520C005B62A5 /* Resources */,
			);
			buildRules = (
			);
			dependencies = (
				4284498822A8520C005B62A5 /* PBXTargetDependency */,
			);
			name = LandmarksUITests;
			productName = LandmarksUITests;
			productReference = 4284498622A8520C005B62A5 /* LandmarksUITests.xctest */;
			productType = "com.apple.product-type.bundle.ui-testing";
		};
/* End PBXNativeTarget section */

/* Begin PBXProject section */
		4284495D22A8520B005B62A5 /* Project object */ = {
			isa = PBXProject;
			attributes = {
				LastSwiftUpdateCheck = 1100;
				LastUpgradeCheck = 1100;
				ORGANIZATIONNAME = "Saul Moreno Abril";
				TargetAttributes = {
					4284496422A8520B005B62A5 = {
						CreatedOnToolsVersion = 11.0;
					};
					4284497A22A8520C005B62A5 = {
						CreatedOnToolsVersion = 11.0;
						TestTargetID = 4284496422A8520B005B62A5;
					};
					4284498522A8520C005B62A5 = {
						CreatedOnToolsVersion = 11.0;
						TestTargetID = 4284496422A8520B005B62A5;
					};
				};
			};
			buildConfigurationList = 4284496022A8520B005B62A5 /* Build configuration list for PBXProject "Landmarks" */;
			compatibilityVersion = "Xcode 9.3";
			developmentRegion = en;
			hasScannedForEncodings = 0;
			knownRegions = (
				en,
				Base,
			);
			mainGroup = 4284495C22A8520B005B62A5;
			productRefGroup = 4284496622A8520B005B62A5 /* Products */;
			projectDirPath = "";
			projectRoot = "";
			targets = (
				4284496422A8520B005B62A5 /* Landmarks */,
				4284497A22A8520C005B62A5 /* LandmarksTests */,
				4284498522A8520C005B62A5 /* LandmarksUITests */,
			);
		};
/* End PBXProject section */

/* Begin PBXResourcesBuildPhase section */
		4284496322A8520B005B62A5 /* Resources */ = {
			isa = PBXResourcesBuildPhase;
			buildActionMask = 2147483647;
			files = (
				428449D922A98CE6005B62A5 /* silversalmoncreek.jpg in Resources */,
				428449D322A98CE6005B62A5 /* rainbowlake.jpg in Resources */,
				42450FF022AEC06600DD40D0 /* hikeData.json in Resources */,
				428449D222A98CE6005B62A5 /* umbagog.jpg in Resources */,
				4284497522A8520C005B62A5 /* LaunchScreen.storyboard in Resources */,
				428449D622A98CE6005B62A5 /* chilkoottrail.jpg in Resources */,
				4284497222A8520C005B62A5 /* Preview Assets.xcassets in Resources */,
				428449D822A98CE6005B62A5 /* landmarkData.json in Resources */,
				428449D022A98CE6005B62A5 /* lakemcdonald.jpg in Resources */,
				4284496F22A8520C005B62A5 /* Assets.xcassets in Resources */,
				428449DB22A98CE6005B62A5 /* chincoteague.jpg in Resources */,
				428449DC22A98CE6005B62A5 /* stmarylake.jpg in Resources */,
				428449D722A98CE6005B62A5 /* charleyrivers.jpg in Resources */,
				428449D522A98CE6005B62A5 /* twinlake.jpg in Resources */,
				428449D422A98CE6005B62A5 /* hiddenlake.jpg in Resources */,
				428449DA22A98CE6005B62A5 /* icybay.jpg in Resources */,
				428449D122A98CE6005B62A5 /* turtlerock.jpg in Resources */,
			);
			runOnlyForDeploymentPostprocessing = 0;
		};
		4284497922A8520C005B62A5 /* Resources */ = {
			isa = PBXResourcesBuildPhase;
			buildActionMask = 2147483647;
			files = (
			);
			runOnlyForDeploymentPostprocessing = 0;
		};
		4284498422A8520C005B62A5 /* Resources */ = {
			isa = PBXResourcesBuildPhase;
			buildActionMask = 2147483647;
			files = (
			);
			runOnlyForDeploymentPostprocessing = 0;
		};
/* End PBXResourcesBuildPhase section */

/* Begin PBXSourcesBuildPhase section */
		4284496122A8520B005B62A5 /* Sources */ = {
			isa = PBXSourcesBuildPhase;
			buildActionMask = 2147483647;
			files = (
				42450FEE22AEC00400DD40D0 /* GraphCapsule.swift in Sources */,
				42450FE922AEBF8000DD40D0 /* Hike.swift in Sources */,
				42450FDC22AEBA0B00DD40D0 /* HexagonParameters.swift in Sources */,
				428449A122A97EA4005B62A5 /* Data.swift in Sources */,
				4284496922A8520B005B62A5 /* AppDelegate.swift in Sources */,
				42450FEC22AEBFEA00DD40D0 /* HikeGraph.swift in Sources */,
				42450FDA22AEB9E500DD40D0 /* Badge.swift in Sources */,
				4284499922A8541D005B62A5 /* CircleImage.swift in Sources */,
				42450FE822AEBF8000DD40D0 /* HikeView.swift in Sources */,
				4284499B22A854AE005B62A5 /* MapView.swift in Sources */,
				428449C222A9848C005B62A5 /* LandmarkDetail.swift in Sources */,
				42450FE022AEBC5C00DD40D0 /* BadgeSymbol.swift in Sources */,
				42450FE222AEBCCE00DD40D0 /* RotatedBadgeSymbol.swift in Sources */,
				42450FEA22AEBF8000DD40D0 /* HikeDetail.swift in Sources */,
				428449C122A9803A005B62A5 /* LandmarkList.swift in Sources */,
				42450FDE22AEBBF600DD40D0 /* BadgeBackground.swift in Sources */,
				4284496B22A8520B005B62A5 /* SceneDelegate.swift in Sources */,
				428449BF22A97F59005B62A5 /* LandmarkRow.swift in Sources */,
				428449DE22A98F7D005B62A5 /* UserData.swift in Sources */,
				4284499F22A97E2E005B62A5 /* Landmark.swift in Sources */,
			);
			runOnlyForDeploymentPostprocessing = 0;
		};
		4284497722A8520C005B62A5 /* Sources */ = {
			isa = PBXSourcesBuildPhase;
			buildActionMask = 2147483647;
			files = (
				4284498022A8520C005B62A5 /* LandmarksTests.swift in Sources */,
			);
			runOnlyForDeploymentPostprocessing = 0;
		};
		4284498222A8520C005B62A5 /* Sources */ = {
			isa = PBXSourcesBuildPhase;
			buildActionMask = 2147483647;
			files = (
				4284498B22A8520C005B62A5 /* LandmarksUITests.swift in Sources */,
			);
			runOnlyForDeploymentPostprocessing = 0;
		};
/* End PBXSourcesBuildPhase section */

/* Begin PBXTargetDependency section */
		4284497D22A8520C005B62A5 /* PBXTargetDependency */ = {
			isa = PBXTargetDependency;
			target = 4284496422A8520B005B62A5 /* Landmarks */;
			targetProxy = 4284497C22A8520C005B62A5 /* PBXContainerItemProxy */;
		};
		4284498822A8520C005B62A5 /* PBXTargetDependency */ = {
			isa = PBXTargetDependency;
			target = 4284496422A8520B005B62A5 /* Landmarks */;
			targetProxy = 4284498722A8520C005B62A5 /* PBXContainerItemProxy */;
		};
/* End PBXTargetDependency section */

/* Begin PBXVariantGroup section */
		4284497322A8520C005B62A5 /* LaunchScreen.storyboard */ = {
			isa = PBXVariantGroup;
			children = (
				4284497422A8520C005B62A5 /* Base */,
			);
			name = LaunchScreen.storyboard;
			sourceTree = "<group>";
		};
/* End PBXVariantGroup section */

/* Begin XCBuildConfiguration section */
		4284498D22A8520C005B62A5 /* Debug */ = {
			isa = XCBuildConfiguration;
			buildSettings = {
				ALWAYS_SEARCH_USER_PATHS = NO;
				CLANG_ANALYZER_NONNULL = YES;
				CLANG_ANALYZER_NUMBER_OBJECT_CONVERSION = YES_AGGRESSIVE;
				CLANG_CXX_LANGUAGE_STANDARD = "gnu++14";
				CLANG_CXX_LIBRARY = "libc++";
				CLANG_ENABLE_MODULES = YES;
				CLANG_ENABLE_OBJC_ARC = YES;
				CLANG_ENABLE_OBJC_WEAK = YES;
				CLANG_WARN_BLOCK_CAPTURE_AUTORELEASING = YES;
				CLANG_WARN_BOOL_CONVERSION = YES;
				CLANG_WARN_COMMA = YES;
				CLANG_WARN_CONSTANT_CONVERSION = YES;
				CLANG_WARN_DEPRECATED_OBJC_IMPLEMENTATIONS = YES;
				CLANG_WARN_DIRECT_OBJC_ISA_USAGE = YES_ERROR;
				CLANG_WARN_DOCUMENTATION_COMMENTS = YES;
				CLANG_WARN_EMPTY_BODY = YES;
				CLANG_WARN_ENUM_CONVERSION = YES;
				CLANG_WARN_INFINITE_RECURSION = YES;
				CLANG_WARN_INT_CONVERSION = YES;
				CLANG_WARN_NON_LITERAL_NULL_CONVERSION = YES;
				CLANG_WARN_OBJC_IMPLICIT_RETAIN_SELF = YES;
				CLANG_WARN_OBJC_LITERAL_CONVERSION = YES;
				CLANG_WARN_OBJC_ROOT_CLASS = YES_ERROR;
				CLANG_WARN_RANGE_LOOP_ANALYSIS = YES;
				CLANG_WARN_STRICT_PROTOTYPES = YES;
				CLANG_WARN_SUSPICIOUS_MOVE = YES;
				CLANG_WARN_UNGUARDED_AVAILABILITY = YES_AGGRESSIVE;
				CLANG_WARN_UNREACHABLE_CODE = YES;
				CLANG_WARN__DUPLICATE_METHOD_MATCH = YES;
				COPY_PHASE_STRIP = NO;
				DEBUG_INFORMATION_FORMAT = dwarf;
				ENABLE_STRICT_OBJC_MSGSEND = YES;
				ENABLE_TESTABILITY = YES;
				GCC_C_LANGUAGE_STANDARD = gnu11;
				GCC_DYNAMIC_NO_PIC = NO;
				GCC_NO_COMMON_BLOCKS = YES;
				GCC_OPTIMIZATION_LEVEL = 0;
				GCC_PREPROCESSOR_DEFINITIONS = (
					"DEBUG=1",
					"$(inherited)",
				);
				GCC_WARN_64_TO_32_BIT_CONVERSION = YES;
				GCC_WARN_ABOUT_RETURN_TYPE = YES_ERROR;
				GCC_WARN_UNDECLARED_SELECTOR = YES;
				GCC_WARN_UNINITIALIZED_AUTOS = YES_AGGRESSIVE;
				GCC_WARN_UNUSED_FUNCTION = YES;
				GCC_WARN_UNUSED_VARIABLE = YES;
				IPHONEOS_DEPLOYMENT_TARGET = 13.0;
				MTL_ENABLE_DEBUG_INFO = INCLUDE_SOURCE;
				MTL_FAST_MATH = YES;
				ONLY_ACTIVE_ARCH = YES;
				SDKROOT = iphoneos;
				SWIFT_ACTIVE_COMPILATION_CONDITIONS = DEBUG;
				SWIFT_OPTIMIZATION_LEVEL = "-Onone";
			};
			name = Debug;
		};
		4284498E22A8520C005B62A5 /* Release */ = {
			isa = XCBuildConfiguration;
			buildSettings = {
				ALWAYS_SEARCH_USER_PATHS = NO;
				CLANG_ANALYZER_NONNULL = YES;
				CLANG_ANALYZER_NUMBER_OBJECT_CONVERSION = YES_AGGRESSIVE;
				CLANG_CXX_LANGUAGE_STANDARD = "gnu++14";
				CLANG_CXX_LIBRARY = "libc++";
				CLANG_ENABLE_MODULES = YES;
				CLANG_ENABLE_OBJC_ARC = YES;
				CLANG_ENABLE_OBJC_WEAK = YES;
				CLANG_WARN_BLOCK_CAPTURE_AUTORELEASING = YES;
				CLANG_WARN_BOOL_CONVERSION = YES;
				CLANG_WARN_COMMA = YES;
				CLANG_WARN_CONSTANT_CONVERSION = YES;
				CLANG_WARN_DEPRECATED_OBJC_IMPLEMENTATIONS = YES;
				CLANG_WARN_DIRECT_OBJC_ISA_USAGE = YES_ERROR;
				CLANG_WARN_DOCUMENTATION_COMMENTS = YES;
				CLANG_WARN_EMPTY_BODY = YES;
				CLANG_WARN_ENUM_CONVERSION = YES;
				CLANG_WARN_INFINITE_RECURSION = YES;
				CLANG_WARN_INT_CONVERSION = YES;
				CLANG_WARN_NON_LITERAL_NULL_CONVERSION = YES;
				CLANG_WARN_OBJC_IMPLICIT_RETAIN_SELF = YES;
				CLANG_WARN_OBJC_LITERAL_CONVERSION = YES;
				CLANG_WARN_OBJC_ROOT_CLASS = YES_ERROR;
				CLANG_WARN_RANGE_LOOP_ANALYSIS = YES;
				CLANG_WARN_STRICT_PROTOTYPES = YES;
				CLANG_WARN_SUSPICIOUS_MOVE = YES;
				CLANG_WARN_UNGUARDED_AVAILABILITY = YES_AGGRESSIVE;
				CLANG_WARN_UNREACHABLE_CODE = YES;
				CLANG_WARN__DUPLICATE_METHOD_MATCH = YES;
				COPY_PHASE_STRIP = NO;
				DEBUG_INFORMATION_FORMAT = "dwarf-with-dsym";
				ENABLE_NS_ASSERTIONS = NO;
				ENABLE_STRICT_OBJC_MSGSEND = YES;
				GCC_C_LANGUAGE_STANDARD = gnu11;
				GCC_NO_COMMON_BLOCKS = YES;
				GCC_WARN_64_TO_32_BIT_CONVERSION = YES;
				GCC_WARN_ABOUT_RETURN_TYPE = YES_ERROR;
				GCC_WARN_UNDECLARED_SELECTOR = YES;
				GCC_WARN_UNINITIALIZED_AUTOS = YES_AGGRESSIVE;
				GCC_WARN_UNUSED_FUNCTION = YES;
				GCC_WARN_UNUSED_VARIABLE = YES;
				IPHONEOS_DEPLOYMENT_TARGET = 13.0;
				MTL_ENABLE_DEBUG_INFO = NO;
				MTL_FAST_MATH = YES;
				SDKROOT = iphoneos;
				SWIFT_COMPILATION_MODE = wholemodule;
				SWIFT_OPTIMIZATION_LEVEL = "-O";
				VALIDATE_PRODUCT = YES;
			};
			name = Release;
		};
		4284499022A8520C005B62A5 /* Debug */ = {
			isa = XCBuildConfiguration;
			buildSettings = {
				ASSETCATALOG_COMPILER_APPICON_NAME = AppIcon;
				CODE_SIGN_STYLE = Automatic;
				DEVELOPMENT_ASSET_PATHS = "Landmarks/Preview\\ Content";
				DEVELOPMENT_TEAM = U96GUE2A6L;
				ENABLE_PREVIEWS = YES;
				INFOPLIST_FILE = Landmarks/Info.plist;
				LD_RUNPATH_SEARCH_PATHS = (
					"$(inherited)",
					"@executable_path/Frameworks",
				);
				PRODUCT_BUNDLE_IDENTIFIER = com.saulmorenoabril.Landmarks;
				PRODUCT_NAME = "$(TARGET_NAME)";
				SWIFT_VERSION = 5.0;
				TARGETED_DEVICE_FAMILY = "1,2";
			};
			name = Debug;
		};
		4284499122A8520C005B62A5 /* Release */ = {
			isa = XCBuildConfiguration;
			buildSettings = {
				ASSETCATALOG_COMPILER_APPICON_NAME = AppIcon;
				CODE_SIGN_STYLE = Automatic;
				DEVELOPMENT_ASSET_PATHS = "Landmarks/Preview\\ Content";
				DEVELOPMENT_TEAM = U96GUE2A6L;
				ENABLE_PREVIEWS = YES;
				INFOPLIST_FILE = Landmarks/Info.plist;
				LD_RUNPATH_SEARCH_PATHS = (
					"$(inherited)",
					"@executable_path/Frameworks",
				);
				PRODUCT_BUNDLE_IDENTIFIER = com.saulmorenoabril.Landmarks;
				PRODUCT_NAME = "$(TARGET_NAME)";
				SWIFT_VERSION = 5.0;
				TARGETED_DEVICE_FAMILY = "1,2";
			};
			name = Release;
		};
		4284499322A8520C005B62A5 /* Debug */ = {
			isa = XCBuildConfiguration;
			buildSettings = {
				ALWAYS_EMBED_SWIFT_STANDARD_LIBRARIES = YES;
				BUNDLE_LOADER = "$(TEST_HOST)";
				CODE_SIGN_STYLE = Automatic;
				DEVELOPMENT_TEAM = U96GUE2A6L;
				INFOPLIST_FILE = LandmarksTests/Info.plist;
				LD_RUNPATH_SEARCH_PATHS = (
					"$(inherited)",
					"@executable_path/Frameworks",
					"@loader_path/Frameworks",
				);
				PRODUCT_BUNDLE_IDENTIFIER = com.saulmorenoabril.LandmarksTests;
				PRODUCT_NAME = "$(TARGET_NAME)";
				SWIFT_VERSION = 5.0;
				TARGETED_DEVICE_FAMILY = "1,2";
				TEST_HOST = "$(BUILT_PRODUCTS_DIR)/Landmarks.app/Landmarks";
			};
			name = Debug;
		};
		4284499422A8520C005B62A5 /* Release */ = {
			isa = XCBuildConfiguration;
			buildSettings = {
				ALWAYS_EMBED_SWIFT_STANDARD_LIBRARIES = YES;
				BUNDLE_LOADER = "$(TEST_HOST)";
				CODE_SIGN_STYLE = Automatic;
				DEVELOPMENT_TEAM = U96GUE2A6L;
				INFOPLIST_FILE = LandmarksTests/Info.plist;
				LD_RUNPATH_SEARCH_PATHS = (
					"$(inherited)",
					"@executable_path/Frameworks",
					"@loader_path/Frameworks",
				);
				PRODUCT_BUNDLE_IDENTIFIER = com.saulmorenoabril.LandmarksTests;
				PRODUCT_NAME = "$(TARGET_NAME)";
				SWIFT_VERSION = 5.0;
				TARGETED_DEVICE_FAMILY = "1,2";
				TEST_HOST = "$(BUILT_PRODUCTS_DIR)/Landmarks.app/Landmarks";
			};
			name = Release;
		};
		4284499622A8520C005B62A5 /* Debug */ = {
			isa = XCBuildConfiguration;
			buildSettings = {
				ALWAYS_EMBED_SWIFT_STANDARD_LIBRARIES = YES;
				CODE_SIGN_STYLE = Automatic;
				DEVELOPMENT_TEAM = U96GUE2A6L;
				INFOPLIST_FILE = LandmarksUITests/Info.plist;
				LD_RUNPATH_SEARCH_PATHS = (
					"$(inherited)",
					"@executable_path/Frameworks",
					"@loader_path/Frameworks",
				);
				PRODUCT_BUNDLE_IDENTIFIER = com.saulmorenoabril.LandmarksUITests;
				PRODUCT_NAME = "$(TARGET_NAME)";
				SWIFT_VERSION = 5.0;
				TARGETED_DEVICE_FAMILY = "1,2";
				TEST_TARGET_NAME = Landmarks;
			};
			name = Debug;
		};
		4284499722A8520C005B62A5 /* Release */ = {
			isa = XCBuildConfiguration;
			buildSettings = {
				ALWAYS_EMBED_SWIFT_STANDARD_LIBRARIES = YES;
				CODE_SIGN_STYLE = Automatic;
				DEVELOPMENT_TEAM = U96GUE2A6L;
				INFOPLIST_FILE = LandmarksUITests/Info.plist;
				LD_RUNPATH_SEARCH_PATHS = (
					"$(inherited)",
					"@executable_path/Frameworks",
					"@loader_path/Frameworks",
				);
				PRODUCT_BUNDLE_IDENTIFIER = com.saulmorenoabril.LandmarksUITests;
				PRODUCT_NAME = "$(TARGET_NAME)";
				SWIFT_VERSION = 5.0;
				TARGETED_DEVICE_FAMILY = "1,2";
				TEST_TARGET_NAME = Landmarks;
			};
			name = Release;
		};
/* End XCBuildConfiguration section */

/* Begin XCConfigurationList section */
		4284496022A8520B005B62A5 /* Build configuration list for PBXProject "Landmarks" */ = {
			isa = XCConfigurationList;
			buildConfigurations = (
				4284498D22A8520C005B62A5 /* Debug */,
				4284498E22A8520C005B62A5 /* Release */,
			);
			defaultConfigurationIsVisible = 0;
			defaultConfigurationName = Release;
		};
		4284498F22A8520C005B62A5 /* Build configuration list for PBXNativeTarget "Landmarks" */ = {
			isa = XCConfigurationList;
			buildConfigurations = (
				4284499022A8520C005B62A5 /* Debug */,
				4284499122A8520C005B62A5 /* Release */,
			);
			defaultConfigurationIsVisible = 0;
			defaultConfigurationName = Release;
		};
		4284499222A8520C005B62A5 /* Build configuration list for PBXNativeTarget "LandmarksTests" */ = {
			isa = XCConfigurationList;
			buildConfigurations = (
				4284499322A8520C005B62A5 /* Debug */,
				4284499422A8520C005B62A5 /* Release */,
			);
			defaultConfigurationIsVisible = 0;
			defaultConfigurationName = Release;
		};
		4284499522A8520C005B62A5 /* Build configuration list for PBXNativeTarget "LandmarksUITests" */ = {
			isa = XCConfigurationList;
			buildConfigurations = (
				4284499622A8520C005B62A5 /* Debug */,
				4284499722A8520C005B62A5 /* Release */,
			);
			defaultConfigurationIsVisible = 0;
			defaultConfigurationName = Release;
		};
/* End XCConfigurationList section */
	};
	rootObject = 4284495D22A8520B005B62A5 /* Project object */;
}
